// !$*UTF8*$!
{
	archiveVersion = 1;
	classes = {
	};
	objectVersion = 56;
	objects = {

/* Begin PBXBuildFile section */
		8AF5DE3C2C80D2D3000D6A4D /* AppDelegate.swift in Sources */ = {isa = PBXBuildFile; fileRef = 8AF5DE3B2C80D2D3000D6A4D /* AppDelegate.swift */; };
		8AF5DE3E2C80D2D3000D6A4D /* SceneDelegate.swift in Sources */ = {isa = PBXBuildFile; fileRef = 8AF5DE3D2C80D2D3000D6A4D /* SceneDelegate.swift */; };
		8AF5DE402C80D2D3000D6A4D /* ViewController.swift in Sources */ = {isa = PBXBuildFile; fileRef = 8AF5DE3F2C80D2D3000D6A4D /* ViewController.swift */; };
		8AF5DE432C80D2D3000D6A4D /* Base in Resources */ = {isa = PBXBuildFile; fileRef = 8AF5DE422C80D2D3000D6A4D /* Base */; };
		8AF5DE452C80D2D4000D6A4D /* Assets.xcassets in Resources */ = {isa = PBXBuildFile; fileRef = 8AF5DE442C80D2D4000D6A4D /* Assets.xcassets */; };
		8AF5DE482C80D2D4000D6A4D /* Base in Resources */ = {isa = PBXBuildFile; fileRef = 8AF5DE472C80D2D4000D6A4D /* Base */; };
		8AF5DE532C80D2D4000D6A4D /* InterfaceBuilderBasics2Tests.swift in Sources */ = {isa = PBXBuildFile; fileRef = 8AF5DE522C80D2D4000D6A4D /* InterfaceBuilderBasics2Tests.swift */; };
		8AF5DE5D2C80D2D4000D6A4D /* InterfaceBuilderBasics2UITests.swift in Sources */ = {isa = PBXBuildFile; fileRef = 8AF5DE5C2C80D2D4000D6A4D /* InterfaceBuilderBasics2UITests.swift */; };
		8AF5DE5F2C80D2D4000D6A4D /* InterfaceBuilderBasics2UITestsLaunchTests.swift in Sources */ = {isa = PBXBuildFile; fileRef = 8AF5DE5E2C80D2D4000D6A4D /* InterfaceBuilderBasics2UITestsLaunchTests.swift */; };
/* End PBXBuildFile section */

/* Begin PBXContainerItemProxy section */
		8AF5DE4F2C80D2D4000D6A4D /* PBXContainerItemProxy */ = {
			isa = PBXContainerItemProxy;
			containerPortal = 8AF5DE302C80D2D2000D6A4D /* Project object */;
			proxyType = 1;
			remoteGlobalIDString = 8AF5DE372C80D2D3000D6A4D;
			remoteInfo = InterfaceBuilderBasics2;
		};
		8AF5DE592C80D2D4000D6A4D /* PBXContainerItemProxy */ = {
			isa = PBXContainerItemProxy;
			containerPortal = 8AF5DE302C80D2D2000D6A4D /* Project object */;
			proxyType = 1;
			remoteGlobalIDString = 8AF5DE372C80D2D3000D6A4D;
			remoteInfo = InterfaceBuilderBasics2;
		};
/* End PBXContainerItemProxy section */

/* Begin PBXFileReference section */
		8AF5DE382C80D2D3000D6A4D /* InterfaceBuilderBasics2.app */ = {isa = PBXFileReference; explicitFileType = wrapper.application; includeInIndex = 0; path = InterfaceBuilderBasics2.app; sourceTree = BUILT_PRODUCTS_DIR; };
		8AF5DE3B2C80D2D3000D6A4D /* AppDelegate.swift */ = {isa = PBXFileReference; lastKnownFileType = sourcecode.swift; path = AppDelegate.swift; sourceTree = "<group>"; };
		8AF5DE3D2C80D2D3000D6A4D /* SceneDelegate.swift */ = {isa = PBXFileReference; lastKnownFileType = sourcecode.swift; path = SceneDelegate.swift; sourceTree = "<group>"; };
		8AF5DE3F2C80D2D3000D6A4D /* ViewController.swift */ = {isa = PBXFileReference; lastKnownFileType = sourcecode.swift; path = ViewController.swift; sourceTree = "<group>"; };
		8AF5DE422C80D2D3000D6A4D /* Base */ = {isa = PBXFileReference; lastKnownFileType = file.storyboard; name = Base; path = Base.lproj/Main.storyboard; sourceTree = "<group>"; };
		8AF5DE442C80D2D4000D6A4D /* Assets.xcassets */ = {isa = PBXFileReference; lastKnownFileType = folder.assetcatalog; path = Assets.xcassets; sourceTree = "<group>"; };
		8AF5DE472C80D2D4000D6A4D /* Base */ = {isa = PBXFileReference; lastKnownFileType = file.storyboard; name = Base; path = Base.lproj/LaunchScreen.storyboard; sourceTree = "<group>"; };
		8AF5DE492C80D2D4000D6A4D /* Info.plist */ = {isa = PBXFileReference; lastKnownFileType = text.plist.xml; path = Info.plist; sourceTree = "<group>"; };
		8AF5DE4E2C80D2D4000D6A4D /* InterfaceBuilderBasics2Tests.xctest */ = {isa = PBXFileReference; explicitFileType = wrapper.cfbundle; includeInIndex = 0; path = InterfaceBuilderBasics2Tests.xctest; sourceTree = BUILT_PRODUCTS_DIR; };
		8AF5DE522C80D2D4000D6A4D /* InterfaceBuilderBasics2Tests.swift */ = {isa = PBXFileReference; lastKnownFileType = sourcecode.swift; path = InterfaceBuilderBasics2Tests.swift; sourceTree = "<group>"; };
		8AF5DE582C80D2D4000D6A4D /* InterfaceBuilderBasics2UITests.xctest */ = {isa = PBXFileReference; explicitFileType = wrapper.cfbundle; includeInIndex = 0; path = InterfaceBuilderBasics2UITests.xctest; sourceTree = BUILT_PRODUCTS_DIR; };
		8AF5DE5C2C80D2D4000D6A4D /* InterfaceBuilderBasics2UITests.swift */ = {isa = PBXFileReference; lastKnownFileType = sourcecode.swift; path = InterfaceBuilderBasics2UITests.swift; sourceTree = "<group>"; };
		8AF5DE5E2C80D2D4000D6A4D /* InterfaceBuilderBasics2UITestsLaunchTests.swift */ = {isa = PBXFileReference; lastKnownFileType = sourcecode.swift; path = InterfaceBuilderBasics2UITestsLaunchTests.swift; sourceTree = "<group>"; };
/* End PBXFileReference section */

/* Begin PBXFrameworksBuildPhase section */
		8AF5DE352C80D2D3000D6A4D /* Frameworks */ = {
			isa = PBXFrameworksBuildPhase;
			buildActionMask = 2147483647;
			files = (
			);
			runOnlyForDeploymentPostprocessing = 0;
		};
		8AF5DE4B2C80D2D4000D6A4D /* Frameworks */ = {
			isa = PBXFrameworksBuildPhase;
			buildActionMask = 2147483647;
			files = (
			);
			runOnlyForDeploymentPostprocessing = 0;
		};
		8AF5DE552C80D2D4000D6A4D /* Frameworks */ = {
			isa = PBXFrameworksBuildPhase;
			buildActionMask = 2147483647;
			files = (
			);
			runOnlyForDeploymentPostprocessing = 0;
		};
/* End PBXFrameworksBuildPhase section */

/* Begin PBXGroup section */
		8AF5DE2F2C80D2D2000D6A4D = {
			isa = PBXGroup;
			children = (
				8AF5DE3A2C80D2D3000D6A4D /* InterfaceBuilderBasics2 */,
				8AF5DE512C80D2D4000D6A4D /* InterfaceBuilderBasics2Tests */,
				8AF5DE5B2C80D2D4000D6A4D /* InterfaceBuilderBasics2UITests */,
				8AF5DE392C80D2D3000D6A4D /* Products */,
			);
			sourceTree = "<group>";
		};
		8AF5DE392C80D2D3000D6A4D /* Products */ = {
			isa = PBXGroup;
			children = (
				8AF5DE382C80D2D3000D6A4D /* InterfaceBuilderBasics2.app */,
				8AF5DE4E2C80D2D4000D6A4D /* InterfaceBuilderBasics2Tests.xctest */,
				8AF5DE582C80D2D4000D6A4D /* InterfaceBuilderBasics2UITests.xctest */,
			);
			name = Products;
			sourceTree = "<group>";
		};
		8AF5DE3A2C80D2D3000D6A4D /* InterfaceBuilderBasics2 */ = {
			isa = PBXGroup;
			children = (
				8AF5DE3B2C80D2D3000D6A4D /* AppDelegate.swift */,
				8AF5DE3D2C80D2D3000D6A4D /* SceneDelegate.swift */,
				8AF5DE3F2C80D2D3000D6A4D /* ViewController.swift */,
				8AF5DE412C80D2D3000D6A4D /* Main.storyboard */,
				8AF5DE442C80D2D4000D6A4D /* Assets.xcassets */,
				8AF5DE462C80D2D4000D6A4D /* LaunchScreen.storyboard */,
				8AF5DE492C80D2D4000D6A4D /* Info.plist */,
			);
			path = InterfaceBuilderBasics2;
			sourceTree = "<group>";
		};
		8AF5DE512C80D2D4000D6A4D /* InterfaceBuilderBasics2Tests */ = {
			isa = PBXGroup;
			children = (
				8AF5DE522C80D2D4000D6A4D /* InterfaceBuilderBasics2Tests.swift */,
			);
			path = InterfaceBuilderBasics2Tests;
			sourceTree = "<group>";
		};
		8AF5DE5B2C80D2D4000D6A4D /* InterfaceBuilderBasics2UITests */ = {
			isa = PBXGroup;
			children = (
				8AF5DE5C2C80D2D4000D6A4D /* InterfaceBuilderBasics2UITests.swift */,
				8AF5DE5E2C80D2D4000D6A4D /* InterfaceBuilderBasics2UITestsLaunchTests.swift */,
			);
			path = InterfaceBuilderBasics2UITests;
			sourceTree = "<group>";
		};
/* End PBXGroup section */

/* Begin PBXNativeTarget section */
		8AF5DE372C80D2D3000D6A4D /* InterfaceBuilderBasics2 */ = {
			isa = PBXNativeTarget;
			buildConfigurationList = 8AF5DE622C80D2D4000D6A4D /* Build configuration list for PBXNativeTarget "InterfaceBuilderBasics2" */;
			buildPhases = (
				8AF5DE342C80D2D3000D6A4D /* Sources */,
				8AF5DE352C80D2D3000D6A4D /* Frameworks */,
				8AF5DE362C80D2D3000D6A4D /* Resources */,
			);
			buildRules = (
			);
			dependencies = (
			);
			name = InterfaceBuilderBasics2;
			productName = InterfaceBuilderBasics2;
			productReference = 8AF5DE382C80D2D3000D6A4D /* InterfaceBuilderBasics2.app */;
			productType = "com.apple.product-type.application";
		};
		8AF5DE4D2C80D2D4000D6A4D /* InterfaceBuilderBasics2Tests */ = {
			isa = PBXNativeTarget;
			buildConfigurationList = 8AF5DE652C80D2D4000D6A4D /* Build configuration list for PBXNativeTarget "InterfaceBuilderBasics2Tests" */;
			buildPhases = (
				8AF5DE4A2C80D2D4000D6A4D /* Sources */,
				8AF5DE4B2C80D2D4000D6A4D /* Frameworks */,
				8AF5DE4C2C80D2D4000D6A4D /* Resources */,
			);
			buildRules = (
			);
			dependencies = (
				8AF5DE502C80D2D4000D6A4D /* PBXTargetDependency */,
			);
			name = InterfaceBuilderBasics2Tests;
			productName = InterfaceBuilderBasics2Tests;
			productReference = 8AF5DE4E2C80D2D4000D6A4D /* InterfaceBuilderBasics2Tests.xctest */;
			productType = "com.apple.product-type.bundle.unit-test";
		};
		8AF5DE572C80D2D4000D6A4D /* InterfaceBuilderBasics2UITests */ = {
			isa = PBXNativeTarget;
			buildConfigurationList = 8AF5DE682C80D2D4000D6A4D /* Build configuration list for PBXNativeTarget "InterfaceBuilderBasics2UITests" */;
			buildPhases = (
				8AF5DE542C80D2D4000D6A4D /* Sources */,
				8AF5DE552C80D2D4000D6A4D /* Frameworks */,
				8AF5DE562C80D2D4000D6A4D /* Resources */,
			);
			buildRules = (
			);
			dependencies = (
				8AF5DE5A2C80D2D4000D6A4D /* PBXTargetDependency */,
			);
			name = InterfaceBuilderBasics2UITests;
			productName = InterfaceBuilderBasics2UITests;
			productReference = 8AF5DE582C80D2D4000D6A4D /* InterfaceBuilderBasics2UITests.xctest */;
			productType = "com.apple.product-type.bundle.ui-testing";
		};
/* End PBXNativeTarget section */

/* Begin PBXProject section */
		8AF5DE302C80D2D2000D6A4D /* Project object */ = {
			isa = PBXProject;
			attributes = {
				BuildIndependentTargetsInParallel = 1;
				LastSwiftUpdateCheck = 1540;
				LastUpgradeCheck = 1540;
				TargetAttributes = {
					8AF5DE372C80D2D3000D6A4D = {
						CreatedOnToolsVersion = 15.4;
					};
					8AF5DE4D2C80D2D4000D6A4D = {
						CreatedOnToolsVersion = 15.4;
						TestTargetID = 8AF5DE372C80D2D3000D6A4D;
					};
					8AF5DE572C80D2D4000D6A4D = {
						CreatedOnToolsVersion = 15.4;
						TestTargetID = 8AF5DE372C80D2D3000D6A4D;
					};
				};
			};
			buildConfigurationList = 8AF5DE332C80D2D2000D6A4D /* Build configuration list for PBXProject "InterfaceBuilderBasics2" */;
			compatibilityVersion = "Xcode 14.0";
			developmentRegion = en;
			hasScannedForEncodings = 0;
			knownRegions = (
				en,
				Base,
			);
			mainGroup = 8AF5DE2F2C80D2D2000D6A4D;
			productRefGroup = 8AF5DE392C80D2D3000D6A4D /* Products */;
			projectDirPath = "";
			projectRoot = "";
			targets = (
				8AF5DE372C80D2D3000D6A4D /* InterfaceBuilderBasics2 */,
				8AF5DE4D2C80D2D4000D6A4D /* InterfaceBuilderBasics2Tests */,
				8AF5DE572C80D2D4000D6A4D /* InterfaceBuilderBasics2UITests */,
			);
		};
/* End PBXProject section */

/* Begin PBXResourcesBuildPhase section */
		8AF5DE362C80D2D3000D6A4D /* Resources */ = {
			isa = PBXResourcesBuildPhase;
			buildActionMask = 2147483647;
			files = (
				8AF5DE452C80D2D4000D6A4D /* Assets.xcassets in Resources */,
				8AF5DE482C80D2D4000D6A4D /* Base in Resources */,
				8AF5DE432C80D2D3000D6A4D /* Base in Resources */,
			);
			runOnlyForDeploymentPostprocessing = 0;
		};
		8AF5DE4C2C80D2D4000D6A4D /* Resources */ = {
			isa = PBXResourcesBuildPhase;
			buildActionMask = 2147483647;
			files = (
			);
			runOnlyForDeploymentPostprocessing = 0;
		};
		8AF5DE562C80D2D4000D6A4D /* Resources */ = {
			isa = PBXResourcesBuildPhase;
			buildActionMask = 2147483647;
			files = (
			);
			runOnlyForDeploymentPostprocessing = 0;
		};
/* End PBXResourcesBuildPhase section */

/* Begin PBXSourcesBuildPhase section */
		8AF5DE342C80D2D3000D6A4D /* Sources */ = {
			isa = PBXSourcesBuildPhase;
			buildActionMask = 2147483647;
			files = (
				8AF5DE402C80D2D3000D6A4D /* ViewController.swift in Sources */,
				8AF5DE3C2C80D2D3000D6A4D /* AppDelegate.swift in Sources */,
				8AF5DE3E2C80D2D3000D6A4D /* SceneDelegate.swift in Sources */,
			);
			runOnlyForDeploymentPostprocessing = 0;
		};
		8AF5DE4A2C80D2D4000D6A4D /* Sources */ = {
			isa = PBXSourcesBuildPhase;
			buildActionMask = 2147483647;
			files = (
				8AF5DE532C80D2D4000D6A4D /* InterfaceBuilderBasics2Tests.swift in Sources */,
			);
			runOnlyForDeploymentPostprocessing = 0;
		};
		8AF5DE542C80D2D4000D6A4D /* Sources */ = {
			isa = PBXSourcesBuildPhase;
			buildActionMask = 2147483647;
			files = (
				8AF5DE5F2C80D2D4000D6A4D /* InterfaceBuilderBasics2UITestsLaunchTests.swift in Sources */,
				8AF5DE5D2C80D2D4000D6A4D /* InterfaceBuilderBasics2UITests.swift in Sources */,
			);
			runOnlyForDeploymentPostprocessing = 0;
		};
/* End PBXSourcesBuildPhase section */

/* Begin PBXTargetDependency section */
		8AF5DE502C80D2D4000D6A4D /* PBXTargetDependency */ = {
			isa = PBXTargetDependency;
			target = 8AF5DE372C80D2D3000D6A4D /* InterfaceBuilderBasics2 */;
			targetProxy = 8AF5DE4F2C80D2D4000D6A4D /* PBXContainerItemProxy */;
		};
		8AF5DE5A2C80D2D4000D6A4D /* PBXTargetDependency */ = {
			isa = PBXTargetDependency;
			target = 8AF5DE372C80D2D3000D6A4D /* InterfaceBuilderBasics2 */;
			targetProxy = 8AF5DE592C80D2D4000D6A4D /* PBXContainerItemProxy */;
		};
/* End PBXTargetDependency section */

/* Begin PBXVariantGroup section */
		8AF5DE412C80D2D3000D6A4D /* Main.storyboard */ = {
			isa = PBXVariantGroup;
			children = (
				8AF5DE422C80D2D3000D6A4D /* Base */,
			);
			name = Main.storyboard;
			sourceTree = "<group>";
		};
		8AF5DE462C80D2D4000D6A4D /* LaunchScreen.storyboard */ = {
			isa = PBXVariantGroup;
			children = (
				8AF5DE472C80D2D4000D6A4D /* Base */,
			);
			name = LaunchScreen.storyboard;
			sourceTree = "<group>";
		};
/* End PBXVariantGroup section */

/* Begin XCBuildConfiguration section */
		8AF5DE602C80D2D4000D6A4D /* Debug */ = {
			isa = XCBuildConfiguration;
			buildSettings = {
				ALWAYS_SEARCH_USER_PATHS = NO;
				ASSETCATALOG_COMPILER_GENERATE_SWIFT_ASSET_SYMBOL_EXTENSIONS = YES;
				CLANG_ANALYZER_NONNULL = YES;
				CLANG_ANALYZER_NUMBER_OBJECT_CONVERSION = YES_AGGRESSIVE;
				CLANG_CXX_LANGUAGE_STANDARD = "gnu++20";
				CLANG_ENABLE_MODULES = YES;
				CLANG_ENABLE_OBJC_ARC = YES;
				CLANG_ENABLE_OBJC_WEAK = YES;
				CLANG_WARN_BLOCK_CAPTURE_AUTORELEASING = YES;
				CLANG_WARN_BOOL_CONVERSION = YES;
				CLANG_WARN_COMMA = YES;
				CLANG_WARN_CONSTANT_CONVERSION = YES;
				CLANG_WARN_DEPRECATED_OBJC_IMPLEMENTATIONS = YES;
				CLANG_WARN_DIRECT_OBJC_ISA_USAGE = YES_ERROR;
				CLANG_WARN_DOCUMENTATION_COMMENTS = YES;
				CLANG_WARN_EMPTY_BODY = YES;
				CLANG_WARN_ENUM_CONVERSION = YES;
				CLANG_WARN_INFINITE_RECURSION = YES;
				CLANG_WARN_INT_CONVERSION = YES;
				CLANG_WARN_NON_LITERAL_NULL_CONVERSION = YES;
				CLANG_WARN_OBJC_IMPLICIT_RETAIN_SELF = YES;
				CLANG_WARN_OBJC_LITERAL_CONVERSION = YES;
				CLANG_WARN_OBJC_ROOT_CLASS = YES_ERROR;
				CLANG_WARN_QUOTED_INCLUDE_IN_FRAMEWORK_HEADER = YES;
				CLANG_WARN_RANGE_LOOP_ANALYSIS = YES;
				CLANG_WARN_STRICT_PROTOTYPES = YES;
				CLANG_WARN_SUSPICIOUS_MOVE = YES;
				CLANG_WARN_UNGUARDED_AVAILABILITY = YES_AGGRESSIVE;
				CLANG_WARN_UNREACHABLE_CODE = YES;
				CLANG_WARN__DUPLICATE_METHOD_MATCH = YES;
				COPY_PHASE_STRIP = NO;
				DEBUG_INFORMATION_FORMAT = dwarf;
				ENABLE_STRICT_OBJC_MSGSEND = YES;
				ENABLE_TESTABILITY = YES;
				ENABLE_USER_SCRIPT_SANDBOXING = YES;
				GCC_C_LANGUAGE_STANDARD = gnu17;
				GCC_DYNAMIC_NO_PIC = NO;
				GCC_NO_COMMON_BLOCKS = YES;
				GCC_OPTIMIZATION_LEVEL = 0;
				GCC_PREPROCESSOR_DEFINITIONS = (
					"DEBUG=1",
					"$(inherited)",
				);
				GCC_WARN_64_TO_32_BIT_CONVERSION = YES;
				GCC_WARN_ABOUT_RETURN_TYPE = YES_ERROR;
				GCC_WARN_UNDECLARED_SELECTOR = YES;
				GCC_WARN_UNINITIALIZED_AUTOS = YES_AGGRESSIVE;
				GCC_WARN_UNUSED_FUNCTION = YES;
				GCC_WARN_UNUSED_VARIABLE = YES;
				IPHONEOS_DEPLOYMENT_TARGET = 17.5;
				LOCALIZATION_PREFERS_STRING_CATALOGS = YES;
				MTL_ENABLE_DEBUG_INFO = INCLUDE_SOURCE;
				MTL_FAST_MATH = YES;
				ONLY_ACTIVE_ARCH = YES;
				SDKROOT = iphoneos;
				SWIFT_ACTIVE_COMPILATION_CONDITIONS = "DEBUG $(inherited)";
				SWIFT_OPTIMIZATION_LEVEL = "-Onone";
			};
			name = Debug;
		};
		8AF5DE612C80D2D4000D6A4D /* Release */ = {
			isa = XCBuildConfiguration;
			buildSettings = {
				ALWAYS_SEARCH_USER_PATHS = NO;
				ASSETCATALOG_COMPILER_GENERATE_SWIFT_ASSET_SYMBOL_EXTENSIONS = YES;
				CLANG_ANALYZER_NONNULL = YES;
				CLANG_ANALYZER_NUMBER_OBJECT_CONVERSION = YES_AGGRESSIVE;
				CLANG_CXX_LANGUAGE_STANDARD = "gnu++20";
				CLANG_ENABLE_MODULES = YES;
				CLANG_ENABLE_OBJC_ARC = YES;
				CLANG_ENABLE_OBJC_WEAK = YES;
				CLANG_WARN_BLOCK_CAPTURE_AUTORELEASING = YES;
				CLANG_WARN_BOOL_CONVERSION = YES;
				CLANG_WARN_COMMA = YES;
				CLANG_WARN_CONSTANT_CONVERSION = YES;
				CLANG_WARN_DEPRECATED_OBJC_IMPLEMENTATIONS = YES;
				CLANG_WARN_DIRECT_OBJC_ISA_USAGE = YES_ERROR;
				CLANG_WARN_DOCUMENTATION_COMMENTS = YES;
				CLANG_WARN_EMPTY_BODY = YES;
				CLANG_WARN_ENUM_CONVERSION = YES;
				CLANG_WARN_INFINITE_RECURSION = YES;
				CLANG_WARN_INT_CONVERSION = YES;
				CLANG_WARN_NON_LITERAL_NULL_CONVERSION = YES;
				CLANG_WARN_OBJC_IMPLICIT_RETAIN_SELF = YES;
				CLANG_WARN_OBJC_LITERAL_CONVERSION = YES;
				CLANG_WARN_OBJC_ROOT_CLASS = YES_ERROR;
				CLANG_WARN_QUOTED_INCLUDE_IN_FRAMEWORK_HEADER = YES;
				CLANG_WARN_RANGE_LOOP_ANALYSIS = YES;
				CLANG_WARN_STRICT_PROTOTYPES = YES;
				CLANG_WARN_SUSPICIOUS_MOVE = YES;
				CLANG_WARN_UNGUARDED_AVAILABILITY = YES_AGGRESSIVE;
				CLANG_WARN_UNREACHABLE_CODE = YES;
				CLANG_WARN__DUPLICATE_METHOD_MATCH = YES;
				COPY_PHASE_STRIP = NO;
				DEBUG_INFORMATION_FORMAT = "dwarf-with-dsym";
				ENABLE_NS_ASSERTIONS = NO;
				ENABLE_STRICT_OBJC_MSGSEND = YES;
				ENABLE_USER_SCRIPT_SANDBOXING = YES;
				GCC_C_LANGUAGE_STANDARD = gnu17;
				GCC_NO_COMMON_BLOCKS = YES;
				GCC_WARN_64_TO_32_BIT_CONVERSION = YES;
				GCC_WARN_ABOUT_RETURN_TYPE = YES_ERROR;
				GCC_WARN_UNDECLARED_SELECTOR = YES;
				GCC_WARN_UNINITIALIZED_AUTOS = YES_AGGRESSIVE;
				GCC_WARN_UNUSED_FUNCTION = YES;
				GCC_WARN_UNUSED_VARIABLE = YES;
				IPHONEOS_DEPLOYMENT_TARGET = 17.5;
				LOCALIZATION_PREFERS_STRING_CATALOGS = YES;
				MTL_ENABLE_DEBUG_INFO = NO;
				MTL_FAST_MATH = YES;
				SDKROOT = iphoneos;
				SWIFT_COMPILATION_MODE = wholemodule;
				VALIDATE_PRODUCT = YES;
			};
			name = Release;
		};
		8AF5DE632C80D2D4000D6A4D /* Debug */ = {
			isa = XCBuildConfiguration;
			buildSettings = {
				ASSETCATALOG_COMPILER_APPICON_NAME = AppIcon;
				ASSETCATALOG_COMPILER_GLOBAL_ACCENT_COLOR_NAME = AccentColor;
				CODE_SIGN_STYLE = Automatic;
				CURRENT_PROJECT_VERSION = 1;
				DEVELOPMENT_TEAM = 9PMGRQTLS2;
				GENERATE_INFOPLIST_FILE = YES;
				INFOPLIST_FILE = InterfaceBuilderBasics2/Info.plist;
				INFOPLIST_KEY_UIApplicationSupportsIndirectInputEvents = YES;
				INFOPLIST_KEY_UILaunchStoryboardName = LaunchScreen;
				INFOPLIST_KEY_UIMainStoryboardFile = Main;
				INFOPLIST_KEY_UISupportedInterfaceOrientations_iPad = "UIInterfaceOrientationPortrait UIInterfaceOrientationPortraitUpsideDown UIInterfaceOrientationLandscapeLeft UIInterfaceOrientationLandscapeRight";
				INFOPLIST_KEY_UISupportedInterfaceOrientations_iPhone = "UIInterfaceOrientationPortrait UIInterfaceOrientationLandscapeLeft UIInterfaceOrientationLandscapeRight";
				LD_RUNPATH_SEARCH_PATHS = (
					"$(inherited)",
					"@executable_path/Frameworks",
				);
				MARKETING_VERSION = 1.0;
				PRODUCT_BUNDLE_IDENTIFIER = "Brett-Berry.InterfaceBuilderBasics2";
				PRODUCT_NAME = "$(TARGET_NAME)";
				SWIFT_EMIT_LOC_STRINGS = YES;
				SWIFT_VERSION = 5.0;
				TARGETED_DEVICE_FAMILY = "1,2";
			};
			name = Debug;
		};
		8AF5DE642C80D2D4000D6A4D /* Release */ = {
			isa = XCBuildConfiguration;
			buildSettings = {
				ASSETCATALOG_COMPILER_APPICON_NAME = AppIcon;
				ASSETCATALOG_COMPILER_GLOBAL_ACCENT_COLOR_NAME = AccentColor;
				CODE_SIGN_STYLE = Automatic;
				CURRENT_PROJECT_VERSION = 1;
				DEVELOPMENT_TEAM = 9PMGRQTLS2;
				GENERATE_INFOPLIST_FILE = YES;
				INFOPLIST_FILE = InterfaceBuilderBasics2/Info.plist;
				INFOPLIST_KEY_UIApplicationSupportsIndirectInputEvents = YES;
				INFOPLIST_KEY_UILaunchStoryboardName = LaunchScreen;
				INFOPLIST_KEY_UIMainStoryboardFile = Main;
				INFOPLIST_KEY_UISupportedInterfaceOrientations_iPad = "UIInterfaceOrientationPortrait UIInterfaceOrientationPortraitUpsideDown UIInterfaceOrientationLandscapeLeft UIInterfaceOrientationLandscapeRight";
				INFOPLIST_KEY_UISupportedInterfaceOrientations_iPhone = "UIInterfaceOrientationPortrait UIInterfaceOrientationLandscapeLeft UIInterfaceOrientationLandscapeRight";
				LD_RUNPATH_SEARCH_PATHS = (
					"$(inherited)",
					"@executable_path/Frameworks",
				);
				MARKETING_VERSION = 1.0;
				PRODUCT_BUNDLE_IDENTIFIER = "Brett-Berry.InterfaceBuilderBasics2";
				PRODUCT_NAME = "$(TARGET_NAME)";
				SWIFT_EMIT_LOC_STRINGS = YES;
				SWIFT_VERSION = 5.0;
				TARGETED_DEVICE_FAMILY = "1,2";
			};
			name = Release;
		};
		8AF5DE662C80D2D4000D6A4D /* Debug */ = {
			isa = XCBuildConfiguration;
			buildSettings = {
				ALWAYS_EMBED_SWIFT_STANDARD_LIBRARIES = YES;
				BUNDLE_LOADER = "$(TEST_HOST)";
				CODE_SIGN_STYLE = Automatic;
				CURRENT_PROJECT_VERSION = 1;
				DEVELOPMENT_TEAM = 9PMGRQTLS2;
				GENERATE_INFOPLIST_FILE = YES;
				IPHONEOS_DEPLOYMENT_TARGET = 17.5;
				MARKETING_VERSION = 1.0;
				PRODUCT_BUNDLE_IDENTIFIER = "Brett-Berry.InterfaceBuilderBasics2Tests";
				PRODUCT_NAME = "$(TARGET_NAME)";
				SWIFT_EMIT_LOC_STRINGS = NO;
				SWIFT_VERSION = 5.0;
				TARGETED_DEVICE_FAMILY = "1,2";
				TEST_HOST = "$(BUILT_PRODUCTS_DIR)/InterfaceBuilderBasics2.app/$(BUNDLE_EXECUTABLE_FOLDER_PATH)/InterfaceBuilderBasics2";
			};
			name = Debug;
		};
		8AF5DE672C80D2D4000D6A4D /* Release */ = {
			isa = XCBuildConfiguration;
			buildSettings = {
				ALWAYS_EMBED_SWIFT_STANDARD_LIBRARIES = YES;
				BUNDLE_LOADER = "$(TEST_HOST)";
				CODE_SIGN_STYLE = Automatic;
				CURRENT_PROJECT_VERSION = 1;
				DEVELOPMENT_TEAM = 9PMGRQTLS2;
				GENERATE_INFOPLIST_FILE = YES;
				IPHONEOS_DEPLOYMENT_TARGET = 17.5;
				MARKETING_VERSION = 1.0;
				PRODUCT_BUNDLE_IDENTIFIER = "Brett-Berry.InterfaceBuilderBasics2Tests";
				PRODUCT_NAME = "$(TARGET_NAME)";
				SWIFT_EMIT_LOC_STRINGS = NO;
				SWIFT_VERSION = 5.0;
				TARGETED_DEVICE_FAMILY = "1,2";
				TEST_HOST = "$(BUILT_PRODUCTS_DIR)/InterfaceBuilderBasics2.app/$(BUNDLE_EXECUTABLE_FOLDER_PATH)/InterfaceBuilderBasics2";
			};
			name = Release;
		};
		8AF5DE692C80D2D4000D6A4D /* Debug */ = {
			isa = XCBuildConfiguration;
			buildSettings = {
				ALWAYS_EMBED_SWIFT_STANDARD_LIBRARIES = YES;
				CODE_SIGN_STYLE = Automatic;
				CURRENT_PROJECT_VERSION = 1;
				DEVELOPMENT_TEAM = 9PMGRQTLS2;
				GENERATE_INFOPLIST_FILE = YES;
				MARKETING_VERSION = 1.0;
				PRODUCT_BUNDLE_IDENTIFIER = "Brett-Berry.InterfaceBuilderBasics2UITests";
				PRODUCT_NAME = "$(TARGET_NAME)";
				SWIFT_EMIT_LOC_STRINGS = NO;
				SWIFT_VERSION = 5.0;
				TARGETED_DEVICE_FAMILY = "1,2";
				TEST_TARGET_NAME = InterfaceBuilderBasics2;
			};
			name = Debug;
		};
		8AF5DE6A2C80D2D4000D6A4D /* Release */ = {
			isa = XCBuildConfiguration;
			buildSettings = {
				ALWAYS_EMBED_SWIFT_STANDARD_LIBRARIES = YES;
				CODE_SIGN_STYLE = Automatic;
				CURRENT_PROJECT_VERSION = 1;
				DEVELOPMENT_TEAM = 9PMGRQTLS2;
				GENERATE_INFOPLIST_FILE = YES;
				MARKETING_VERSION = 1.0;
				PRODUCT_BUNDLE_IDENTIFIER = "Brett-Berry.InterfaceBuilderBasics2UITests";
				PRODUCT_NAME = "$(TARGET_NAME)";
				SWIFT_EMIT_LOC_STRINGS = NO;
				SWIFT_VERSION = 5.0;
				TARGETED_DEVICE_FAMILY = "1,2";
				TEST_TARGET_NAME = InterfaceBuilderBasics2;
			};
			name = Release;
		};
/* End XCBuildConfiguration section */

/* Begin XCConfigurationList section */
		8AF5DE332C80D2D2000D6A4D /* Build configuration list for PBXProject "InterfaceBuilderBasics2" */ = {
			isa = XCConfigurationList;
			buildConfigurations = (
				8AF5DE602C80D2D4000D6A4D /* Debug */,
				8AF5DE612C80D2D4000D6A4D /* Release */,
			);
			defaultConfigurationIsVisible = 0;
			defaultConfigurationName = Release;
		};
		8AF5DE622C80D2D4000D6A4D /* Build configuration list for PBXNativeTarget "InterfaceBuilderBasics2" */ = {
			isa = XCConfigurationList;
			buildConfigurations = (
				8AF5DE632C80D2D4000D6A4D /* Debug */,
				8AF5DE642C80D2D4000D6A4D /* Release */,
			);
			defaultConfigurationIsVisible = 0;
			defaultConfigurationName = Release;
		};
		8AF5DE652C80D2D4000D6A4D /* Build configuration list for PBXNativeTarget "InterfaceBuilderBasics2Tests" */ = {
			isa = XCConfigurationList;
			buildConfigurations = (
				8AF5DE662C80D2D4000D6A4D /* Debug */,
				8AF5DE672C80D2D4000D6A4D /* Release */,
			);
			defaultConfigurationIsVisible = 0;
			defaultConfigurationName = Release;
		};
		8AF5DE682C80D2D4000D6A4D /* Build configuration list for PBXNativeTarget "InterfaceBuilderBasics2UITests" */ = {
			isa = XCConfigurationList;
			buildConfigurations = (
				8AF5DE692C80D2D4000D6A4D /* Debug */,
				8AF5DE6A2C80D2D4000D6A4D /* Release */,
			);
			defaultConfigurationIsVisible = 0;
			defaultConfigurationName = Release;
		};
/* End XCConfigurationList section */
	};
	rootObject = 8AF5DE302C80D2D2000D6A4D /* Project object */;
}
