// !$*UTF8*$!
{
	archiveVersion = 1;
	classes = {
	};
	objectVersion = 56;
	objects = {

/* Begin PBXBuildFile section */
		8A3D42ED2CAE585B00FE0817 /* AppDelegate.swift in Sources */ = {isa = PBXBuildFile; fileRef = 8A3D42EC2CAE585B00FE0817 /* AppDelegate.swift */; };
		8A3D42EF2CAE585B00FE0817 /* SceneDelegate.swift in Sources */ = {isa = PBXBuildFile; fileRef = 8A3D42EE2CAE585B00FE0817 /* SceneDelegate.swift */; };
		8A3D42F12CAE585B00FE0817 /* ViewController.swift in Sources */ = {isa = PBXBuildFile; fileRef = 8A3D42F02CAE585B00FE0817 /* ViewController.swift */; };
		8A3D42F42CAE585B00FE0817 /* Base in Resources */ = {isa = PBXBuildFile; fileRef = 8A3D42F32CAE585B00FE0817 /* Base */; };
		8A3D42F62CAE585C00FE0817 /* Assets.xcassets in Resources */ = {isa = PBXBuildFile; fileRef = 8A3D42F52CAE585C00FE0817 /* Assets.xcassets */; };
		8A3D42F92CAE585C00FE0817 /* Base in Resources */ = {isa = PBXBuildFile; fileRef = 8A3D42F82CAE585C00FE0817 /* Base */; };
		8A3D43042CAE585C00FE0817 /* RainbowTabsTests.swift in Sources */ = {isa = PBXBuildFile; fileRef = 8A3D43032CAE585C00FE0817 /* RainbowTabsTests.swift */; };
		8A3D430E2CAE585C00FE0817 /* RainbowTabsUITests.swift in Sources */ = {isa = PBXBuildFile; fileRef = 8A3D430D2CAE585C00FE0817 /* RainbowTabsUITests.swift */; };
		8A3D43102CAE585C00FE0817 /* RainbowTabsUITestsLaunchTests.swift in Sources */ = {isa = PBXBuildFile; fileRef = 8A3D430F2CAE585C00FE0817 /* RainbowTabsUITestsLaunchTests.swift */; };
/* End PBXBuildFile section */

/* Begin PBXContainerItemProxy section */
		8A3D43002CAE585C00FE0817 /* PBXContainerItemProxy */ = {
			isa = PBXContainerItemProxy;
			containerPortal = 8A3D42E12CAE585B00FE0817 /* Project object */;
			proxyType = 1;
			remoteGlobalIDString = 8A3D42E82CAE585B00FE0817;
			remoteInfo = RainbowTabs;
		};
		8A3D430A2CAE585C00FE0817 /* PBXContainerItemProxy */ = {
			isa = PBXContainerItemProxy;
			containerPortal = 8A3D42E12CAE585B00FE0817 /* Project object */;
			proxyType = 1;
			remoteGlobalIDString = 8A3D42E82CAE585B00FE0817;
			remoteInfo = RainbowTabs;
		};
/* End PBXContainerItemProxy section */

/* Begin PBXFileReference section */
		8A3D42E92CAE585B00FE0817 /* RainbowTabs.app */ = {isa = PBXFileReference; explicitFileType = wrapper.application; includeInIndex = 0; path = RainbowTabs.app; sourceTree = BUILT_PRODUCTS_DIR; };
		8A3D42EC2CAE585B00FE0817 /* AppDelegate.swift */ = {isa = PBXFileReference; lastKnownFileType = sourcecode.swift; path = AppDelegate.swift; sourceTree = "<group>"; };
		8A3D42EE2CAE585B00FE0817 /* SceneDelegate.swift */ = {isa = PBXFileReference; lastKnownFileType = sourcecode.swift; path = SceneDelegate.swift; sourceTree = "<group>"; };
		8A3D42F02CAE585B00FE0817 /* ViewController.swift */ = {isa = PBXFileReference; lastKnownFileType = sourcecode.swift; path = ViewController.swift; sourceTree = "<group>"; };
		8A3D42F32CAE585B00FE0817 /* Base */ = {isa = PBXFileReference; lastKnownFileType = file.storyboard; name = Base; path = Base.lproj/Main.storyboard; sourceTree = "<group>"; };
		8A3D42F52CAE585C00FE0817 /* Assets.xcassets */ = {isa = PBXFileReference; lastKnownFileType = folder.assetcatalog; path = Assets.xcassets; sourceTree = "<group>"; };
		8A3D42F82CAE585C00FE0817 /* Base */ = {isa = PBXFileReference; lastKnownFileType = file.storyboard; name = Base; path = Base.lproj/LaunchScreen.storyboard; sourceTree = "<group>"; };
		8A3D42FA2CAE585C00FE0817 /* Info.plist */ = {isa = PBXFileReference; lastKnownFileType = text.plist.xml; path = Info.plist; sourceTree = "<group>"; };
		8A3D42FF2CAE585C00FE0817 /* RainbowTabsTests.xctest */ = {isa = PBXFileReference; explicitFileType = wrapper.cfbundle; includeInIndex = 0; path = RainbowTabsTests.xctest; sourceTree = BUILT_PRODUCTS_DIR; };
		8A3D43032CAE585C00FE0817 /* RainbowTabsTests.swift */ = {isa = PBXFileReference; lastKnownFileType = sourcecode.swift; path = RainbowTabsTests.swift; sourceTree = "<group>"; };
		8A3D43092CAE585C00FE0817 /* RainbowTabsUITests.xctest */ = {isa = PBXFileReference; explicitFileType = wrapper.cfbundle; includeInIndex = 0; path = RainbowTabsUITests.xctest; sourceTree = BUILT_PRODUCTS_DIR; };
		8A3D430D2CAE585C00FE0817 /* RainbowTabsUITests.swift */ = {isa = PBXFileReference; lastKnownFileType = sourcecode.swift; path = RainbowTabsUITests.swift; sourceTree = "<group>"; };
		8A3D430F2CAE585C00FE0817 /* RainbowTabsUITestsLaunchTests.swift */ = {isa = PBXFileReference; lastKnownFileType = sourcecode.swift; path = RainbowTabsUITestsLaunchTests.swift; sourceTree = "<group>"; };
/* End PBXFileReference section */

/* Begin PBXFrameworksBuildPhase section */
		8A3D42E62CAE585B00FE0817 /* Frameworks */ = {
			isa = PBXFrameworksBuildPhase;
			buildActionMask = 2147483647;
			files = (
			);
			runOnlyForDeploymentPostprocessing = 0;
		};
		8A3D42FC2CAE585C00FE0817 /* Frameworks */ = {
			isa = PBXFrameworksBuildPhase;
			buildActionMask = 2147483647;
			files = (
			);
			runOnlyForDeploymentPostprocessing = 0;
		};
		8A3D43062CAE585C00FE0817 /* Frameworks */ = {
			isa = PBXFrameworksBuildPhase;
			buildActionMask = 2147483647;
			files = (
			);
			runOnlyForDeploymentPostprocessing = 0;
		};
/* End PBXFrameworksBuildPhase section */

/* Begin PBXGroup section */
		8A3D42E02CAE585B00FE0817 = {
			isa = PBXGroup;
			children = (
				8A3D42EB2CAE585B00FE0817 /* RainbowTabs */,
				8A3D43022CAE585C00FE0817 /* RainbowTabsTests */,
				8A3D430C2CAE585C00FE0817 /* RainbowTabsUITests */,
				8A3D42EA2CAE585B00FE0817 /* Products */,
			);
			sourceTree = "<group>";
		};
		8A3D42EA2CAE585B00FE0817 /* Products */ = {
			isa = PBXGroup;
			children = (
				8A3D42E92CAE585B00FE0817 /* RainbowTabs.app */,
				8A3D42FF2CAE585C00FE0817 /* RainbowTabsTests.xctest */,
				8A3D43092CAE585C00FE0817 /* RainbowTabsUITests.xctest */,
			);
			name = Products;
			sourceTree = "<group>";
		};
		8A3D42EB2CAE585B00FE0817 /* RainbowTabs */ = {
			isa = PBXGroup;
			children = (
				8A3D42EC2CAE585B00FE0817 /* AppDelegate.swift */,
				8A3D42EE2CAE585B00FE0817 /* SceneDelegate.swift */,
				8A3D42F02CAE585B00FE0817 /* ViewController.swift */,
				8A3D42F22CAE585B00FE0817 /* Main.storyboard */,
				8A3D42F52CAE585C00FE0817 /* Assets.xcassets */,
				8A3D42F72CAE585C00FE0817 /* LaunchScreen.storyboard */,
				8A3D42FA2CAE585C00FE0817 /* Info.plist */,
			);
			path = RainbowTabs;
			sourceTree = "<group>";
		};
		8A3D43022CAE585C00FE0817 /* RainbowTabsTests */ = {
			isa = PBXGroup;
			children = (
				8A3D43032CAE585C00FE0817 /* RainbowTabsTests.swift */,
			);
			path = RainbowTabsTests;
			sourceTree = "<group>";
		};
		8A3D430C2CAE585C00FE0817 /* RainbowTabsUITests */ = {
			isa = PBXGroup;
			children = (
				8A3D430D2CAE585C00FE0817 /* RainbowTabsUITests.swift */,
				8A3D430F2CAE585C00FE0817 /* RainbowTabsUITestsLaunchTests.swift */,
			);
			path = RainbowTabsUITests;
			sourceTree = "<group>";
		};
/* End PBXGroup section */

/* Begin PBXNativeTarget section */
		8A3D42E82CAE585B00FE0817 /* RainbowTabs */ = {
			isa = PBXNativeTarget;
			buildConfigurationList = 8A3D43132CAE585C00FE0817 /* Build configuration list for PBXNativeTarget "RainbowTabs" */;
			buildPhases = (
				8A3D42E52CAE585B00FE0817 /* Sources */,
				8A3D42E62CAE585B00FE0817 /* Frameworks */,
				8A3D42E72CAE585B00FE0817 /* Resources */,
			);
			buildRules = (
			);
			dependencies = (
			);
			name = RainbowTabs;
			productName = RainbowTabs;
			productReference = 8A3D42E92CAE585B00FE0817 /* RainbowTabs.app */;
			productType = "com.apple.product-type.application";
		};
		8A3D42FE2CAE585C00FE0817 /* RainbowTabsTests */ = {
			isa = PBXNativeTarget;
			buildConfigurationList = 8A3D43162CAE585C00FE0817 /* Build configuration list for PBXNativeTarget "RainbowTabsTests" */;
			buildPhases = (
				8A3D42FB2CAE585C00FE0817 /* Sources */,
				8A3D42FC2CAE585C00FE0817 /* Frameworks */,
				8A3D42FD2CAE585C00FE0817 /* Resources */,
			);
			buildRules = (
			);
			dependencies = (
				8A3D43012CAE585C00FE0817 /* PBXTargetDependency */,
			);
			name = RainbowTabsTests;
			productName = RainbowTabsTests;
			productReference = 8A3D42FF2CAE585C00FE0817 /* RainbowTabsTests.xctest */;
			productType = "com.apple.product-type.bundle.unit-test";
		};
		8A3D43082CAE585C00FE0817 /* RainbowTabsUITests */ = {
			isa = PBXNativeTarget;
			buildConfigurationList = 8A3D43192CAE585C00FE0817 /* Build configuration list for PBXNativeTarget "RainbowTabsUITests" */;
			buildPhases = (
				8A3D43052CAE585C00FE0817 /* Sources */,
				8A3D43062CAE585C00FE0817 /* Frameworks */,
				8A3D43072CAE585C00FE0817 /* Resources */,
			);
			buildRules = (
			);
			dependencies = (
				8A3D430B2CAE585C00FE0817 /* PBXTargetDependency */,
			);
			name = RainbowTabsUITests;
			productName = RainbowTabsUITests;
			productReference = 8A3D43092CAE585C00FE0817 /* RainbowTabsUITests.xctest */;
			productType = "com.apple.product-type.bundle.ui-testing";
		};
/* End PBXNativeTarget section */

/* Begin PBXProject section */
		8A3D42E12CAE585B00FE0817 /* Project object */ = {
			isa = PBXProject;
			attributes = {
				BuildIndependentTargetsInParallel = 1;
				LastSwiftUpdateCheck = 1540;
				LastUpgradeCheck = 1540;
				TargetAttributes = {
					8A3D42E82CAE585B00FE0817 = {
						CreatedOnToolsVersion = 15.4;
					};
					8A3D42FE2CAE585C00FE0817 = {
						CreatedOnToolsVersion = 15.4;
						TestTargetID = 8A3D42E82CAE585B00FE0817;
					};
					8A3D43082CAE585C00FE0817 = {
						CreatedOnToolsVersion = 15.4;
						TestTargetID = 8A3D42E82CAE585B00FE0817;
					};
				};
			};
			buildConfigurationList = 8A3D42E42CAE585B00FE0817 /* Build configuration list for PBXProject "RainbowTabs" */;
			compatibilityVersion = "Xcode 14.0";
			developmentRegion = en;
			hasScannedForEncodings = 0;
			knownRegions = (
				en,
				Base,
			);
			mainGroup = 8A3D42E02CAE585B00FE0817;
			productRefGroup = 8A3D42EA2CAE585B00FE0817 /* Products */;
			projectDirPath = "";
			projectRoot = "";
			targets = (
				8A3D42E82CAE585B00FE0817 /* RainbowTabs */,
				8A3D42FE2CAE585C00FE0817 /* RainbowTabsTests */,
				8A3D43082CAE585C00FE0817 /* RainbowTabsUITests */,
			);
		};
/* End PBXProject section */

/* Begin PBXResourcesBuildPhase section */
		8A3D42E72CAE585B00FE0817 /* Resources */ = {
			isa = PBXResourcesBuildPhase;
			buildActionMask = 2147483647;
			files = (
				8A3D42F62CAE585C00FE0817 /* Assets.xcassets in Resources */,
				8A3D42F92CAE585C00FE0817 /* Base in Resources */,
				8A3D42F42CAE585B00FE0817 /* Base in Resources */,
			);
			runOnlyForDeploymentPostprocessing = 0;
		};
		8A3D42FD2CAE585C00FE0817 /* Resources */ = {
			isa = PBXResourcesBuildPhase;
			buildActionMask = 2147483647;
			files = (
			);
			runOnlyForDeploymentPostprocessing = 0;
		};
		8A3D43072CAE585C00FE0817 /* Resources */ = {
			isa = PBXResourcesBuildPhase;
			buildActionMask = 2147483647;
			files = (
			);
			runOnlyForDeploymentPostprocessing = 0;
		};
/* End PBXResourcesBuildPhase section */

/* Begin PBXSourcesBuildPhase section */
		8A3D42E52CAE585B00FE0817 /* Sources */ = {
			isa = PBXSourcesBuildPhase;
			buildActionMask = 2147483647;
			files = (
				8A3D42F12CAE585B00FE0817 /* ViewController.swift in Sources */,
				8A3D42ED2CAE585B00FE0817 /* AppDelegate.swift in Sources */,
				8A3D42EF2CAE585B00FE0817 /* SceneDelegate.swift in Sources */,
			);
			runOnlyForDeploymentPostprocessing = 0;
		};
		8A3D42FB2CAE585C00FE0817 /* Sources */ = {
			isa = PBXSourcesBuildPhase;
			buildActionMask = 2147483647;
			files = (
				8A3D43042CAE585C00FE0817 /* RainbowTabsTests.swift in Sources */,
			);
			runOnlyForDeploymentPostprocessing = 0;
		};
		8A3D43052CAE585C00FE0817 /* Sources */ = {
			isa = PBXSourcesBuildPhase;
			buildActionMask = 2147483647;
			files = (
				8A3D430E2CAE585C00FE0817 /* RainbowTabsUITests.swift in Sources */,
				8A3D43102CAE585C00FE0817 /* RainbowTabsUITestsLaunchTests.swift in Sources */,
			);
			runOnlyForDeploymentPostprocessing = 0;
		};
/* End PBXSourcesBuildPhase section */

/* Begin PBXTargetDependency section */
		8A3D43012CAE585C00FE0817 /* PBXTargetDependency */ = {
			isa = PBXTargetDependency;
			target = 8A3D42E82CAE585B00FE0817 /* RainbowTabs */;
			targetProxy = 8A3D43002CAE585C00FE0817 /* PBXContainerItemProxy */;
		};
		8A3D430B2CAE585C00FE0817 /* PBXTargetDependency */ = {
			isa = PBXTargetDependency;
			target = 8A3D42E82CAE585B00FE0817 /* RainbowTabs */;
			targetProxy = 8A3D430A2CAE585C00FE0817 /* PBXContainerItemProxy */;
		};
/* End PBXTargetDependency section */

/* Begin PBXVariantGroup section */
		8A3D42F22CAE585B00FE0817 /* Main.storyboard */ = {
			isa = PBXVariantGroup;
			children = (
				8A3D42F32CAE585B00FE0817 /* Base */,
			);
			name = Main.storyboard;
			sourceTree = "<group>";
		};
		8A3D42F72CAE585C00FE0817 /* LaunchScreen.storyboard */ = {
			isa = PBXVariantGroup;
			children = (
				8A3D42F82CAE585C00FE0817 /* Base */,
			);
			name = LaunchScreen.storyboard;
			sourceTree = "<group>";
		};
/* End PBXVariantGroup section */

/* Begin XCBuildConfiguration section */
		8A3D43112CAE585C00FE0817 /* Debug */ = {
			isa = XCBuildConfiguration;
			buildSettings = {
				ALWAYS_SEARCH_USER_PATHS = NO;
				ASSETCATALOG_COMPILER_GENERATE_SWIFT_ASSET_SYMBOL_EXTENSIONS = YES;
				CLANG_ANALYZER_NONNULL = YES;
				CLANG_ANALYZER_NUMBER_OBJECT_CONVERSION = YES_AGGRESSIVE;
				CLANG_CXX_LANGUAGE_STANDARD = "gnu++20";
				CLANG_ENABLE_MODULES = YES;
				CLANG_ENABLE_OBJC_ARC = YES;
				CLANG_ENABLE_OBJC_WEAK = YES;
				CLANG_WARN_BLOCK_CAPTURE_AUTORELEASING = YES;
				CLANG_WARN_BOOL_CONVERSION = YES;
				CLANG_WARN_COMMA = YES;
				CLANG_WARN_CONSTANT_CONVERSION = YES;
				CLANG_WARN_DEPRECATED_OBJC_IMPLEMENTATIONS = YES;
				CLANG_WARN_DIRECT_OBJC_ISA_USAGE = YES_ERROR;
				CLANG_WARN_DOCUMENTATION_COMMENTS = YES;
				CLANG_WARN_EMPTY_BODY = YES;
				CLANG_WARN_ENUM_CONVERSION = YES;
				CLANG_WARN_INFINITE_RECURSION = YES;
				CLANG_WARN_INT_CONVERSION = YES;
				CLANG_WARN_NON_LITERAL_NULL_CONVERSION = YES;
				CLANG_WARN_OBJC_IMPLICIT_RETAIN_SELF = YES;
				CLANG_WARN_OBJC_LITERAL_CONVERSION = YES;
				CLANG_WARN_OBJC_ROOT_CLASS = YES_ERROR;
				CLANG_WARN_QUOTED_INCLUDE_IN_FRAMEWORK_HEADER = YES;
				CLANG_WARN_RANGE_LOOP_ANALYSIS = YES;
				CLANG_WARN_STRICT_PROTOTYPES = YES;
				CLANG_WARN_SUSPICIOUS_MOVE = YES;
				CLANG_WARN_UNGUARDED_AVAILABILITY = YES_AGGRESSIVE;
				CLANG_WARN_UNREACHABLE_CODE = YES;
				CLANG_WARN__DUPLICATE_METHOD_MATCH = YES;
				COPY_PHASE_STRIP = NO;
				DEBUG_INFORMATION_FORMAT = dwarf;
				ENABLE_STRICT_OBJC_MSGSEND = YES;
				ENABLE_TESTABILITY = YES;
				ENABLE_USER_SCRIPT_SANDBOXING = YES;
				GCC_C_LANGUAGE_STANDARD = gnu17;
				GCC_DYNAMIC_NO_PIC = NO;
				GCC_NO_COMMON_BLOCKS = YES;
				GCC_OPTIMIZATION_LEVEL = 0;
				GCC_PREPROCESSOR_DEFINITIONS = (
					"DEBUG=1",
					"$(inherited)",
				);
				GCC_WARN_64_TO_32_BIT_CONVERSION = YES;
				GCC_WARN_ABOUT_RETURN_TYPE = YES_ERROR;
				GCC_WARN_UNDECLARED_SELECTOR = YES;
				GCC_WARN_UNINITIALIZED_AUTOS = YES_AGGRESSIVE;
				GCC_WARN_UNUSED_FUNCTION = YES;
				GCC_WARN_UNUSED_VARIABLE = YES;
				IPHONEOS_DEPLOYMENT_TARGET = 17.5;
				LOCALIZATION_PREFERS_STRING_CATALOGS = YES;
				MTL_ENABLE_DEBUG_INFO = INCLUDE_SOURCE;
				MTL_FAST_MATH = YES;
				ONLY_ACTIVE_ARCH = YES;
				SDKROOT = iphoneos;
				SWIFT_ACTIVE_COMPILATION_CONDITIONS = "DEBUG $(inherited)";
				SWIFT_OPTIMIZATION_LEVEL = "-Onone";
			};
			name = Debug;
		};
		8A3D43122CAE585C00FE0817 /* Release */ = {
			isa = XCBuildConfiguration;
			buildSettings = {
				ALWAYS_SEARCH_USER_PATHS = NO;
				ASSETCATALOG_COMPILER_GENERATE_SWIFT_ASSET_SYMBOL_EXTENSIONS = YES;
				CLANG_ANALYZER_NONNULL = YES;
				CLANG_ANALYZER_NUMBER_OBJECT_CONVERSION = YES_AGGRESSIVE;
				CLANG_CXX_LANGUAGE_STANDARD = "gnu++20";
				CLANG_ENABLE_MODULES = YES;
				CLANG_ENABLE_OBJC_ARC = YES;
				CLANG_ENABLE_OBJC_WEAK = YES;
				CLANG_WARN_BLOCK_CAPTURE_AUTORELEASING = YES;
				CLANG_WARN_BOOL_CONVERSION = YES;
				CLANG_WARN_COMMA = YES;
				CLANG_WARN_CONSTANT_CONVERSION = YES;
				CLANG_WARN_DEPRECATED_OBJC_IMPLEMENTATIONS = YES;
				CLANG_WARN_DIRECT_OBJC_ISA_USAGE = YES_ERROR;
				CLANG_WARN_DOCUMENTATION_COMMENTS = YES;
				CLANG_WARN_EMPTY_BODY = YES;
				CLANG_WARN_ENUM_CONVERSION = YES;
				CLANG_WARN_INFINITE_RECURSION = YES;
				CLANG_WARN_INT_CONVERSION = YES;
				CLANG_WARN_NON_LITERAL_NULL_CONVERSION = YES;
				CLANG_WARN_OBJC_IMPLICIT_RETAIN_SELF = YES;
				CLANG_WARN_OBJC_LITERAL_CONVERSION = YES;
				CLANG_WARN_OBJC_ROOT_CLASS = YES_ERROR;
				CLANG_WARN_QUOTED_INCLUDE_IN_FRAMEWORK_HEADER = YES;
				CLANG_WARN_RANGE_LOOP_ANALYSIS = YES;
				CLANG_WARN_STRICT_PROTOTYPES = YES;
				CLANG_WARN_SUSPICIOUS_MOVE = YES;
				CLANG_WARN_UNGUARDED_AVAILABILITY = YES_AGGRESSIVE;
				CLANG_WARN_UNREACHABLE_CODE = YES;
				CLANG_WARN__DUPLICATE_METHOD_MATCH = YES;
				COPY_PHASE_STRIP = NO;
				DEBUG_INFORMATION_FORMAT = "dwarf-with-dsym";
				ENABLE_NS_ASSERTIONS = NO;
				ENABLE_STRICT_OBJC_MSGSEND = YES;
				ENABLE_USER_SCRIPT_SANDBOXING = YES;
				GCC_C_LANGUAGE_STANDARD = gnu17;
				GCC_NO_COMMON_BLOCKS = YES;
				GCC_WARN_64_TO_32_BIT_CONVERSION = YES;
				GCC_WARN_ABOUT_RETURN_TYPE = YES_ERROR;
				GCC_WARN_UNDECLARED_SELECTOR = YES;
				GCC_WARN_UNINITIALIZED_AUTOS = YES_AGGRESSIVE;
				GCC_WARN_UNUSED_FUNCTION = YES;
				GCC_WARN_UNUSED_VARIABLE = YES;
				IPHONEOS_DEPLOYMENT_TARGET = 17.5;
				LOCALIZATION_PREFERS_STRING_CATALOGS = YES;
				MTL_ENABLE_DEBUG_INFO = NO;
				MTL_FAST_MATH = YES;
				SDKROOT = iphoneos;
				SWIFT_COMPILATION_MODE = wholemodule;
				VALIDATE_PRODUCT = YES;
			};
			name = Release;
		};
		8A3D43142CAE585C00FE0817 /* Debug */ = {
			isa = XCBuildConfiguration;
			buildSettings = {
				ASSETCATALOG_COMPILER_APPICON_NAME = AppIcon;
				ASSETCATALOG_COMPILER_GLOBAL_ACCENT_COLOR_NAME = AccentColor;
				CODE_SIGN_STYLE = Automatic;
				CURRENT_PROJECT_VERSION = 1;
				DEVELOPMENT_TEAM = 9PMGRQTLS2;
				GENERATE_INFOPLIST_FILE = YES;
				INFOPLIST_FILE = RainbowTabs/Info.plist;
				INFOPLIST_KEY_UIApplicationSupportsIndirectInputEvents = YES;
				INFOPLIST_KEY_UILaunchStoryboardName = LaunchScreen;
				INFOPLIST_KEY_UIMainStoryboardFile = Main;
				INFOPLIST_KEY_UISupportedInterfaceOrientations_iPad = "UIInterfaceOrientationPortrait UIInterfaceOrientationPortraitUpsideDown UIInterfaceOrientationLandscapeLeft UIInterfaceOrientationLandscapeRight";
				INFOPLIST_KEY_UISupportedInterfaceOrientations_iPhone = "UIInterfaceOrientationPortrait UIInterfaceOrientationLandscapeLeft UIInterfaceOrientationLandscapeRight";
				LD_RUNPATH_SEARCH_PATHS = (
					"$(inherited)",
					"@executable_path/Frameworks",
				);
				MARKETING_VERSION = 1.0;
				PRODUCT_BUNDLE_IDENTIFIER = "Brett-Berry.RainbowTabs";
				PRODUCT_NAME = "$(TARGET_NAME)";
				SWIFT_EMIT_LOC_STRINGS = YES;
				SWIFT_VERSION = 5.0;
				TARGETED_DEVICE_FAMILY = "1,2";
			};
			name = Debug;
		};
		8A3D43152CAE585C00FE0817 /* Release */ = {
			isa = XCBuildConfiguration;
			buildSettings = {
				ASSETCATALOG_COMPILER_APPICON_NAME = AppIcon;
				ASSETCATALOG_COMPILER_GLOBAL_ACCENT_COLOR_NAME = AccentColor;
				CODE_SIGN_STYLE = Automatic;
				CURRENT_PROJECT_VERSION = 1;
				DEVELOPMENT_TEAM = 9PMGRQTLS2;
				GENERATE_INFOPLIST_FILE = YES;
				INFOPLIST_FILE = RainbowTabs/Info.plist;
				INFOPLIST_KEY_UIApplicationSupportsIndirectInputEvents = YES;
				INFOPLIST_KEY_UILaunchStoryboardName = LaunchScreen;
				INFOPLIST_KEY_UIMainStoryboardFile = Main;
				INFOPLIST_KEY_UISupportedInterfaceOrientations_iPad = "UIInterfaceOrientationPortrait UIInterfaceOrientationPortraitUpsideDown UIInterfaceOrientationLandscapeLeft UIInterfaceOrientationLandscapeRight";
				INFOPLIST_KEY_UISupportedInterfaceOrientations_iPhone = "UIInterfaceOrientationPortrait UIInterfaceOrientationLandscapeLeft UIInterfaceOrientationLandscapeRight";
				LD_RUNPATH_SEARCH_PATHS = (
					"$(inherited)",
					"@executable_path/Frameworks",
				);
				MARKETING_VERSION = 1.0;
				PRODUCT_BUNDLE_IDENTIFIER = "Brett-Berry.RainbowTabs";
				PRODUCT_NAME = "$(TARGET_NAME)";
				SWIFT_EMIT_LOC_STRINGS = YES;
				SWIFT_VERSION = 5.0;
				TARGETED_DEVICE_FAMILY = "1,2";
			};
			name = Release;
		};
		8A3D43172CAE585C00FE0817 /* Debug */ = {
			isa = XCBuildConfiguration;
			buildSettings = {
				ALWAYS_EMBED_SWIFT_STANDARD_LIBRARIES = YES;
				BUNDLE_LOADER = "$(TEST_HOST)";
				CODE_SIGN_STYLE = Automatic;
				CURRENT_PROJECT_VERSION = 1;
				DEVELOPMENT_TEAM = 9PMGRQTLS2;
				GENERATE_INFOPLIST_FILE = YES;
				IPHONEOS_DEPLOYMENT_TARGET = 17.5;
				MARKETING_VERSION = 1.0;
				PRODUCT_BUNDLE_IDENTIFIER = "Brett-Berry.RainbowTabsTests";
				PRODUCT_NAME = "$(TARGET_NAME)";
				SWIFT_EMIT_LOC_STRINGS = NO;
				SWIFT_VERSION = 5.0;
				TARGETED_DEVICE_FAMILY = "1,2";
				TEST_HOST = "$(BUILT_PRODUCTS_DIR)/RainbowTabs.app/$(BUNDLE_EXECUTABLE_FOLDER_PATH)/RainbowTabs";
			};
			name = Debug;
		};
		8A3D43182CAE585C00FE0817 /* Release */ = {
			isa = XCBuildConfiguration;
			buildSettings = {
				ALWAYS_EMBED_SWIFT_STANDARD_LIBRARIES = YES;
				BUNDLE_LOADER = "$(TEST_HOST)";
				CODE_SIGN_STYLE = Automatic;
				CURRENT_PROJECT_VERSION = 1;
				DEVELOPMENT_TEAM = 9PMGRQTLS2;
				GENERATE_INFOPLIST_FILE = YES;
				IPHONEOS_DEPLOYMENT_TARGET = 17.5;
				MARKETING_VERSION = 1.0;
				PRODUCT_BUNDLE_IDENTIFIER = "Brett-Berry.RainbowTabsTests";
				PRODUCT_NAME = "$(TARGET_NAME)";
				SWIFT_EMIT_LOC_STRINGS = NO;
				SWIFT_VERSION = 5.0;
				TARGETED_DEVICE_FAMILY = "1,2";
				TEST_HOST = "$(BUILT_PRODUCTS_DIR)/RainbowTabs.app/$(BUNDLE_EXECUTABLE_FOLDER_PATH)/RainbowTabs";
			};
			name = Release;
		};
		8A3D431A2CAE585C00FE0817 /* Debug */ = {
			isa = XCBuildConfiguration;
			buildSettings = {
				ALWAYS_EMBED_SWIFT_STANDARD_LIBRARIES = YES;
				CODE_SIGN_STYLE = Automatic;
				CURRENT_PROJECT_VERSION = 1;
				DEVELOPMENT_TEAM = 9PMGRQTLS2;
				GENERATE_INFOPLIST_FILE = YES;
				MARKETING_VERSION = 1.0;
				PRODUCT_BUNDLE_IDENTIFIER = "Brett-Berry.RainbowTabsUITests";
				PRODUCT_NAME = "$(TARGET_NAME)";
				SWIFT_EMIT_LOC_STRINGS = NO;
				SWIFT_VERSION = 5.0;
				TARGETED_DEVICE_FAMILY = "1,2";
				TEST_TARGET_NAME = RainbowTabs;
			};
			name = Debug;
		};
		8A3D431B2CAE585C00FE0817 /* Release */ = {
			isa = XCBuildConfiguration;
			buildSettings = {
				ALWAYS_EMBED_SWIFT_STANDARD_LIBRARIES = YES;
				CODE_SIGN_STYLE = Automatic;
				CURRENT_PROJECT_VERSION = 1;
				DEVELOPMENT_TEAM = 9PMGRQTLS2;
				GENERATE_INFOPLIST_FILE = YES;
				MARKETING_VERSION = 1.0;
				PRODUCT_BUNDLE_IDENTIFIER = "Brett-Berry.RainbowTabsUITests";
				PRODUCT_NAME = "$(TARGET_NAME)";
				SWIFT_EMIT_LOC_STRINGS = NO;
				SWIFT_VERSION = 5.0;
				TARGETED_DEVICE_FAMILY = "1,2";
				TEST_TARGET_NAME = RainbowTabs;
			};
			name = Release;
		};
/* End XCBuildConfiguration section */

/* Begin XCConfigurationList section */
		8A3D42E42CAE585B00FE0817 /* Build configuration list for PBXProject "RainbowTabs" */ = {
			isa = XCConfigurationList;
			buildConfigurations = (
				8A3D43112CAE585C00FE0817 /* Debug */,
				8A3D43122CAE585C00FE0817 /* Release */,
			);
			defaultConfigurationIsVisible = 0;
			defaultConfigurationName = Release;
		};
		8A3D43132CAE585C00FE0817 /* Build configuration list for PBXNativeTarget "RainbowTabs" */ = {
			isa = XCConfigurationList;
			buildConfigurations = (
				8A3D43142CAE585C00FE0817 /* Debug */,
				8A3D43152CAE585C00FE0817 /* Release */,
			);
			defaultConfigurationIsVisible = 0;
			defaultConfigurationName = Release;
		};
		8A3D43162CAE585C00FE0817 /* Build configuration list for PBXNativeTarget "RainbowTabsTests" */ = {
			isa = XCConfigurationList;
			buildConfigurations = (
				8A3D43172CAE585C00FE0817 /* Debug */,
				8A3D43182CAE585C00FE0817 /* Release */,
			);
			defaultConfigurationIsVisible = 0;
			defaultConfigurationName = Release;
		};
		8A3D43192CAE585C00FE0817 /* Build configuration list for PBXNativeTarget "RainbowTabsUITests" */ = {
			isa = XCConfigurationList;
			buildConfigurations = (
				8A3D431A2CAE585C00FE0817 /* Debug */,
				8A3D431B2CAE585C00FE0817 /* Release */,
			);
			defaultConfigurationIsVisible = 0;
			defaultConfigurationName = Release;
		};
/* End XCConfigurationList section */
	};
	rootObject = 8A3D42E12CAE585B00FE0817 /* Project object */;
}
