// !$*UTF8*$!
{
	archiveVersion = 1;
	classes = {
	};
	objectVersion = 56;
	objects = {

/* Begin PBXBuildFile section */
		8A661B632CAC782F007C6B99 /* AppDelegate.swift in Sources */ = {isa = PBXBuildFile; fileRef = 8A661B622CAC782F007C6B99 /* AppDelegate.swift */; };
		8A661B652CAC782F007C6B99 /* SceneDelegate.swift in Sources */ = {isa = PBXBuildFile; fileRef = 8A661B642CAC782F007C6B99 /* SceneDelegate.swift */; };
		8A661B672CAC782F007C6B99 /* ViewController.swift in Sources */ = {isa = PBXBuildFile; fileRef = 8A661B662CAC782F007C6B99 /* ViewController.swift */; };
		8A661B6A2CAC782F007C6B99 /* Base in Resources */ = {isa = PBXBuildFile; fileRef = 8A661B692CAC782F007C6B99 /* Base */; };
		8A661B6C2CAC7830007C6B99 /* Assets.xcassets in Resources */ = {isa = PBXBuildFile; fileRef = 8A661B6B2CAC7830007C6B99 /* Assets.xcassets */; };
		8A661B6F2CAC7830007C6B99 /* Base in Resources */ = {isa = PBXBuildFile; fileRef = 8A661B6E2CAC7830007C6B99 /* Base */; };
		8A661B7A2CAC7830007C6B99 /* Login2Tests.swift in Sources */ = {isa = PBXBuildFile; fileRef = 8A661B792CAC7830007C6B99 /* Login2Tests.swift */; };
		8A661B842CAC7830007C6B99 /* Login2UITests.swift in Sources */ = {isa = PBXBuildFile; fileRef = 8A661B832CAC7830007C6B99 /* Login2UITests.swift */; };
		8A661B862CAC7830007C6B99 /* Login2UITestsLaunchTests.swift in Sources */ = {isa = PBXBuildFile; fileRef = 8A661B852CAC7830007C6B99 /* Login2UITestsLaunchTests.swift */; };
/* End PBXBuildFile section */

/* Begin PBXContainerItemProxy section */
		8A661B762CAC7830007C6B99 /* PBXContainerItemProxy */ = {
			isa = PBXContainerItemProxy;
			containerPortal = 8A661B572CAC782F007C6B99 /* Project object */;
			proxyType = 1;
			remoteGlobalIDString = 8A661B5E2CAC782F007C6B99;
			remoteInfo = Login2;
		};
		8A661B802CAC7830007C6B99 /* PBXContainerItemProxy */ = {
			isa = PBXContainerItemProxy;
			containerPortal = 8A661B572CAC782F007C6B99 /* Project object */;
			proxyType = 1;
			remoteGlobalIDString = 8A661B5E2CAC782F007C6B99;
			remoteInfo = Login2;
		};
/* End PBXContainerItemProxy section */

/* Begin PBXFileReference section */
		8A661B5F2CAC782F007C6B99 /* Login2.app */ = {isa = PBXFileReference; explicitFileType = wrapper.application; includeInIndex = 0; path = Login2.app; sourceTree = BUILT_PRODUCTS_DIR; };
		8A661B622CAC782F007C6B99 /* AppDelegate.swift */ = {isa = PBXFileReference; lastKnownFileType = sourcecode.swift; path = AppDelegate.swift; sourceTree = "<group>"; };
		8A661B642CAC782F007C6B99 /* SceneDelegate.swift */ = {isa = PBXFileReference; lastKnownFileType = sourcecode.swift; path = SceneDelegate.swift; sourceTree = "<group>"; };
		8A661B662CAC782F007C6B99 /* ViewController.swift */ = {isa = PBXFileReference; lastKnownFileType = sourcecode.swift; path = ViewController.swift; sourceTree = "<group>"; };
		8A661B692CAC782F007C6B99 /* Base */ = {isa = PBXFileReference; lastKnownFileType = file.storyboard; name = Base; path = Base.lproj/Main.storyboard; sourceTree = "<group>"; };
		8A661B6B2CAC7830007C6B99 /* Assets.xcassets */ = {isa = PBXFileReference; lastKnownFileType = folder.assetcatalog; path = Assets.xcassets; sourceTree = "<group>"; };
		8A661B6E2CAC7830007C6B99 /* Base */ = {isa = PBXFileReference; lastKnownFileType = file.storyboard; name = Base; path = Base.lproj/LaunchScreen.storyboard; sourceTree = "<group>"; };
		8A661B702CAC7830007C6B99 /* Info.plist */ = {isa = PBXFileReference; lastKnownFileType = text.plist.xml; path = Info.plist; sourceTree = "<group>"; };
		8A661B752CAC7830007C6B99 /* Login2Tests.xctest */ = {isa = PBXFileReference; explicitFileType = wrapper.cfbundle; includeInIndex = 0; path = Login2Tests.xctest; sourceTree = BUILT_PRODUCTS_DIR; };
		8A661B792CAC7830007C6B99 /* Login2Tests.swift */ = {isa = PBXFileReference; lastKnownFileType = sourcecode.swift; path = Login2Tests.swift; sourceTree = "<group>"; };
		8A661B7F2CAC7830007C6B99 /* Login2UITests.xctest */ = {isa = PBXFileReference; explicitFileType = wrapper.cfbundle; includeInIndex = 0; path = Login2UITests.xctest; sourceTree = BUILT_PRODUCTS_DIR; };
		8A661B832CAC7830007C6B99 /* Login2UITests.swift */ = {isa = PBXFileReference; lastKnownFileType = sourcecode.swift; path = Login2UITests.swift; sourceTree = "<group>"; };
		8A661B852CAC7830007C6B99 /* Login2UITestsLaunchTests.swift */ = {isa = PBXFileReference; lastKnownFileType = sourcecode.swift; path = Login2UITestsLaunchTests.swift; sourceTree = "<group>"; };
/* End PBXFileReference section */

/* Begin PBXFrameworksBuildPhase section */
		8A661B5C2CAC782F007C6B99 /* Frameworks */ = {
			isa = PBXFrameworksBuildPhase;
			buildActionMask = 2147483647;
			files = (
			);
			runOnlyForDeploymentPostprocessing = 0;
		};
		8A661B722CAC7830007C6B99 /* Frameworks */ = {
			isa = PBXFrameworksBuildPhase;
			buildActionMask = 2147483647;
			files = (
			);
			runOnlyForDeploymentPostprocessing = 0;
		};
		8A661B7C2CAC7830007C6B99 /* Frameworks */ = {
			isa = PBXFrameworksBuildPhase;
			buildActionMask = 2147483647;
			files = (
			);
			runOnlyForDeploymentPostprocessing = 0;
		};
/* End PBXFrameworksBuildPhase section */

/* Begin PBXGroup section */
		8A661B562CAC782F007C6B99 = {
			isa = PBXGroup;
			children = (
				8A661B612CAC782F007C6B99 /* Login2 */,
				8A661B782CAC7830007C6B99 /* Login2Tests */,
				8A661B822CAC7830007C6B99 /* Login2UITests */,
				8A661B602CAC782F007C6B99 /* Products */,
			);
			sourceTree = "<group>";
		};
		8A661B602CAC782F007C6B99 /* Products */ = {
			isa = PBXGroup;
			children = (
				8A661B5F2CAC782F007C6B99 /* Login2.app */,
				8A661B752CAC7830007C6B99 /* Login2Tests.xctest */,
				8A661B7F2CAC7830007C6B99 /* Login2UITests.xctest */,
			);
			name = Products;
			sourceTree = "<group>";
		};
		8A661B612CAC782F007C6B99 /* Login2 */ = {
			isa = PBXGroup;
			children = (
				8A661B622CAC782F007C6B99 /* AppDelegate.swift */,
				8A661B642CAC782F007C6B99 /* SceneDelegate.swift */,
				8A661B662CAC782F007C6B99 /* ViewController.swift */,
				8A661B682CAC782F007C6B99 /* Main.storyboard */,
				8A661B6B2CAC7830007C6B99 /* Assets.xcassets */,
				8A661B6D2CAC7830007C6B99 /* LaunchScreen.storyboard */,
				8A661B702CAC7830007C6B99 /* Info.plist */,
			);
			path = Login2;
			sourceTree = "<group>";
		};
		8A661B782CAC7830007C6B99 /* Login2Tests */ = {
			isa = PBXGroup;
			children = (
				8A661B792CAC7830007C6B99 /* Login2Tests.swift */,
			);
			path = Login2Tests;
			sourceTree = "<group>";
		};
		8A661B822CAC7830007C6B99 /* Login2UITests */ = {
			isa = PBXGroup;
			children = (
				8A661B832CAC7830007C6B99 /* Login2UITests.swift */,
				8A661B852CAC7830007C6B99 /* Login2UITestsLaunchTests.swift */,
			);
			path = Login2UITests;
			sourceTree = "<group>";
		};
/* End PBXGroup section */

/* Begin PBXNativeTarget section */
		8A661B5E2CAC782F007C6B99 /* Login2 */ = {
			isa = PBXNativeTarget;
			buildConfigurationList = 8A661B892CAC7830007C6B99 /* Build configuration list for PBXNativeTarget "Login2" */;
			buildPhases = (
				8A661B5B2CAC782F007C6B99 /* Sources */,
				8A661B5C2CAC782F007C6B99 /* Frameworks */,
				8A661B5D2CAC782F007C6B99 /* Resources */,
			);
			buildRules = (
			);
			dependencies = (
			);
			name = Login2;
			productName = Login2;
			productReference = 8A661B5F2CAC782F007C6B99 /* Login2.app */;
			productType = "com.apple.product-type.application";
		};
		8A661B742CAC7830007C6B99 /* Login2Tests */ = {
			isa = PBXNativeTarget;
			buildConfigurationList = 8A661B8C2CAC7830007C6B99 /* Build configuration list for PBXNativeTarget "Login2Tests" */;
			buildPhases = (
				8A661B712CAC7830007C6B99 /* Sources */,
				8A661B722CAC7830007C6B99 /* Frameworks */,
				8A661B732CAC7830007C6B99 /* Resources */,
			);
			buildRules = (
			);
			dependencies = (
				8A661B772CAC7830007C6B99 /* PBXTargetDependency */,
			);
			name = Login2Tests;
			productName = Login2Tests;
			productReference = 8A661B752CAC7830007C6B99 /* Login2Tests.xctest */;
			productType = "com.apple.product-type.bundle.unit-test";
		};
		8A661B7E2CAC7830007C6B99 /* Login2UITests */ = {
			isa = PBXNativeTarget;
			buildConfigurationList = 8A661B8F2CAC7830007C6B99 /* Build configuration list for PBXNativeTarget "Login2UITests" */;
			buildPhases = (
				8A661B7B2CAC7830007C6B99 /* Sources */,
				8A661B7C2CAC7830007C6B99 /* Frameworks */,
				8A661B7D2CAC7830007C6B99 /* Resources */,
			);
			buildRules = (
			);
			dependencies = (
				8A661B812CAC7830007C6B99 /* PBXTargetDependency */,
			);
			name = Login2UITests;
			productName = Login2UITests;
			productReference = 8A661B7F2CAC7830007C6B99 /* Login2UITests.xctest */;
			productType = "com.apple.product-type.bundle.ui-testing";
		};
/* End PBXNativeTarget section */

/* Begin PBXProject section */
		8A661B572CAC782F007C6B99 /* Project object */ = {
			isa = PBXProject;
			attributes = {
				BuildIndependentTargetsInParallel = 1;
				LastSwiftUpdateCheck = 1540;
				LastUpgradeCheck = 1540;
				TargetAttributes = {
					8A661B5E2CAC782F007C6B99 = {
						CreatedOnToolsVersion = 15.4;
					};
					8A661B742CAC7830007C6B99 = {
						CreatedOnToolsVersion = 15.4;
						TestTargetID = 8A661B5E2CAC782F007C6B99;
					};
					8A661B7E2CAC7830007C6B99 = {
						CreatedOnToolsVersion = 15.4;
						TestTargetID = 8A661B5E2CAC782F007C6B99;
					};
				};
			};
			buildConfigurationList = 8A661B5A2CAC782F007C6B99 /* Build configuration list for PBXProject "Login2" */;
			compatibilityVersion = "Xcode 14.0";
			developmentRegion = en;
			hasScannedForEncodings = 0;
			knownRegions = (
				en,
				Base,
			);
			mainGroup = 8A661B562CAC782F007C6B99;
			productRefGroup = 8A661B602CAC782F007C6B99 /* Products */;
			projectDirPath = "";
			projectRoot = "";
			targets = (
				8A661B5E2CAC782F007C6B99 /* Login2 */,
				8A661B742CAC7830007C6B99 /* Login2Tests */,
				8A661B7E2CAC7830007C6B99 /* Login2UITests */,
			);
		};
/* End PBXProject section */

/* Begin PBXResourcesBuildPhase section */
		8A661B5D2CAC782F007C6B99 /* Resources */ = {
			isa = PBXResourcesBuildPhase;
			buildActionMask = 2147483647;
			files = (
				8A661B6C2CAC7830007C6B99 /* Assets.xcassets in Resources */,
				8A661B6F2CAC7830007C6B99 /* Base in Resources */,
				8A661B6A2CAC782F007C6B99 /* Base in Resources */,
			);
			runOnlyForDeploymentPostprocessing = 0;
		};
		8A661B732CAC7830007C6B99 /* Resources */ = {
			isa = PBXResourcesBuildPhase;
			buildActionMask = 2147483647;
			files = (
			);
			runOnlyForDeploymentPostprocessing = 0;
		};
		8A661B7D2CAC7830007C6B99 /* Resources */ = {
			isa = PBXResourcesBuildPhase;
			buildActionMask = 2147483647;
			files = (
			);
			runOnlyForDeploymentPostprocessing = 0;
		};
/* End PBXResourcesBuildPhase section */

/* Begin PBXSourcesBuildPhase section */
		8A661B5B2CAC782F007C6B99 /* Sources */ = {
			isa = PBXSourcesBuildPhase;
			buildActionMask = 2147483647;
			files = (
				8A661B672CAC782F007C6B99 /* ViewController.swift in Sources */,
				8A661B632CAC782F007C6B99 /* AppDelegate.swift in Sources */,
				8A661B652CAC782F007C6B99 /* SceneDelegate.swift in Sources */,
			);
			runOnlyForDeploymentPostprocessing = 0;
		};
		8A661B712CAC7830007C6B99 /* Sources */ = {
			isa = PBXSourcesBuildPhase;
			buildActionMask = 2147483647;
			files = (
				8A661B7A2CAC7830007C6B99 /* Login2Tests.swift in Sources */,
			);
			runOnlyForDeploymentPostprocessing = 0;
		};
		8A661B7B2CAC7830007C6B99 /* Sources */ = {
			isa = PBXSourcesBuildPhase;
			buildActionMask = 2147483647;
			files = (
				8A661B842CAC7830007C6B99 /* Login2UITests.swift in Sources */,
				8A661B862CAC7830007C6B99 /* Login2UITestsLaunchTests.swift in Sources */,
			);
			runOnlyForDeploymentPostprocessing = 0;
		};
/* End PBXSourcesBuildPhase section */

/* Begin PBXTargetDependency section */
		8A661B772CAC7830007C6B99 /* PBXTargetDependency */ = {
			isa = PBXTargetDependency;
			target = 8A661B5E2CAC782F007C6B99 /* Login2 */;
			targetProxy = 8A661B762CAC7830007C6B99 /* PBXContainerItemProxy */;
		};
		8A661B812CAC7830007C6B99 /* PBXTargetDependency */ = {
			isa = PBXTargetDependency;
			target = 8A661B5E2CAC782F007C6B99 /* Login2 */;
			targetProxy = 8A661B802CAC7830007C6B99 /* PBXContainerItemProxy */;
		};
/* End PBXTargetDependency section */

/* Begin PBXVariantGroup section */
		8A661B682CAC782F007C6B99 /* Main.storyboard */ = {
			isa = PBXVariantGroup;
			children = (
				8A661B692CAC782F007C6B99 /* Base */,
			);
			name = Main.storyboard;
			sourceTree = "<group>";
		};
		8A661B6D2CAC7830007C6B99 /* LaunchScreen.storyboard */ = {
			isa = PBXVariantGroup;
			children = (
				8A661B6E2CAC7830007C6B99 /* Base */,
			);
			name = LaunchScreen.storyboard;
			sourceTree = "<group>";
		};
/* End PBXVariantGroup section */

/* Begin XCBuildConfiguration section */
		8A661B872CAC7830007C6B99 /* Debug */ = {
			isa = XCBuildConfiguration;
			buildSettings = {
				ALWAYS_SEARCH_USER_PATHS = NO;
				ASSETCATALOG_COMPILER_GENERATE_SWIFT_ASSET_SYMBOL_EXTENSIONS = YES;
				CLANG_ANALYZER_NONNULL = YES;
				CLANG_ANALYZER_NUMBER_OBJECT_CONVERSION = YES_AGGRESSIVE;
				CLANG_CXX_LANGUAGE_STANDARD = "gnu++20";
				CLANG_ENABLE_MODULES = YES;
				CLANG_ENABLE_OBJC_ARC = YES;
				CLANG_ENABLE_OBJC_WEAK = YES;
				CLANG_WARN_BLOCK_CAPTURE_AUTORELEASING = YES;
				CLANG_WARN_BOOL_CONVERSION = YES;
				CLANG_WARN_COMMA = YES;
				CLANG_WARN_CONSTANT_CONVERSION = YES;
				CLANG_WARN_DEPRECATED_OBJC_IMPLEMENTATIONS = YES;
				CLANG_WARN_DIRECT_OBJC_ISA_USAGE = YES_ERROR;
				CLANG_WARN_DOCUMENTATION_COMMENTS = YES;
				CLANG_WARN_EMPTY_BODY = YES;
				CLANG_WARN_ENUM_CONVERSION = YES;
				CLANG_WARN_INFINITE_RECURSION = YES;
				CLANG_WARN_INT_CONVERSION = YES;
				CLANG_WARN_NON_LITERAL_NULL_CONVERSION = YES;
				CLANG_WARN_OBJC_IMPLICIT_RETAIN_SELF = YES;
				CLANG_WARN_OBJC_LITERAL_CONVERSION = YES;
				CLANG_WARN_OBJC_ROOT_CLASS = YES_ERROR;
				CLANG_WARN_QUOTED_INCLUDE_IN_FRAMEWORK_HEADER = YES;
				CLANG_WARN_RANGE_LOOP_ANALYSIS = YES;
				CLANG_WARN_STRICT_PROTOTYPES = YES;
				CLANG_WARN_SUSPICIOUS_MOVE = YES;
				CLANG_WARN_UNGUARDED_AVAILABILITY = YES_AGGRESSIVE;
				CLANG_WARN_UNREACHABLE_CODE = YES;
				CLANG_WARN__DUPLICATE_METHOD_MATCH = YES;
				COPY_PHASE_STRIP = NO;
				DEBUG_INFORMATION_FORMAT = dwarf;
				ENABLE_STRICT_OBJC_MSGSEND = YES;
				ENABLE_TESTABILITY = YES;
				ENABLE_USER_SCRIPT_SANDBOXING = YES;
				GCC_C_LANGUAGE_STANDARD = gnu17;
				GCC_DYNAMIC_NO_PIC = NO;
				GCC_NO_COMMON_BLOCKS = YES;
				GCC_OPTIMIZATION_LEVEL = 0;
				GCC_PREPROCESSOR_DEFINITIONS = (
					"DEBUG=1",
					"$(inherited)",
				);
				GCC_WARN_64_TO_32_BIT_CONVERSION = YES;
				GCC_WARN_ABOUT_RETURN_TYPE = YES_ERROR;
				GCC_WARN_UNDECLARED_SELECTOR = YES;
				GCC_WARN_UNINITIALIZED_AUTOS = YES_AGGRESSIVE;
				GCC_WARN_UNUSED_FUNCTION = YES;
				GCC_WARN_UNUSED_VARIABLE = YES;
				IPHONEOS_DEPLOYMENT_TARGET = 17.5;
				LOCALIZATION_PREFERS_STRING_CATALOGS = YES;
				MTL_ENABLE_DEBUG_INFO = INCLUDE_SOURCE;
				MTL_FAST_MATH = YES;
				ONLY_ACTIVE_ARCH = YES;
				SDKROOT = iphoneos;
				SWIFT_ACTIVE_COMPILATION_CONDITIONS = "DEBUG $(inherited)";
				SWIFT_OPTIMIZATION_LEVEL = "-Onone";
			};
			name = Debug;
		};
		8A661B882CAC7830007C6B99 /* Release */ = {
			isa = XCBuildConfiguration;
			buildSettings = {
				ALWAYS_SEARCH_USER_PATHS = NO;
				ASSETCATALOG_COMPILER_GENERATE_SWIFT_ASSET_SYMBOL_EXTENSIONS = YES;
				CLANG_ANALYZER_NONNULL = YES;
				CLANG_ANALYZER_NUMBER_OBJECT_CONVERSION = YES_AGGRESSIVE;
				CLANG_CXX_LANGUAGE_STANDARD = "gnu++20";
				CLANG_ENABLE_MODULES = YES;
				CLANG_ENABLE_OBJC_ARC = YES;
				CLANG_ENABLE_OBJC_WEAK = YES;
				CLANG_WARN_BLOCK_CAPTURE_AUTORELEASING = YES;
				CLANG_WARN_BOOL_CONVERSION = YES;
				CLANG_WARN_COMMA = YES;
				CLANG_WARN_CONSTANT_CONVERSION = YES;
				CLANG_WARN_DEPRECATED_OBJC_IMPLEMENTATIONS = YES;
				CLANG_WARN_DIRECT_OBJC_ISA_USAGE = YES_ERROR;
				CLANG_WARN_DOCUMENTATION_COMMENTS = YES;
				CLANG_WARN_EMPTY_BODY = YES;
				CLANG_WARN_ENUM_CONVERSION = YES;
				CLANG_WARN_INFINITE_RECURSION = YES;
				CLANG_WARN_INT_CONVERSION = YES;
				CLANG_WARN_NON_LITERAL_NULL_CONVERSION = YES;
				CLANG_WARN_OBJC_IMPLICIT_RETAIN_SELF = YES;
				CLANG_WARN_OBJC_LITERAL_CONVERSION = YES;
				CLANG_WARN_OBJC_ROOT_CLASS = YES_ERROR;
				CLANG_WARN_QUOTED_INCLUDE_IN_FRAMEWORK_HEADER = YES;
				CLANG_WARN_RANGE_LOOP_ANALYSIS = YES;
				CLANG_WARN_STRICT_PROTOTYPES = YES;
				CLANG_WARN_SUSPICIOUS_MOVE = YES;
				CLANG_WARN_UNGUARDED_AVAILABILITY = YES_AGGRESSIVE;
				CLANG_WARN_UNREACHABLE_CODE = YES;
				CLANG_WARN__DUPLICATE_METHOD_MATCH = YES;
				COPY_PHASE_STRIP = NO;
				DEBUG_INFORMATION_FORMAT = "dwarf-with-dsym";
				ENABLE_NS_ASSERTIONS = NO;
				ENABLE_STRICT_OBJC_MSGSEND = YES;
				ENABLE_USER_SCRIPT_SANDBOXING = YES;
				GCC_C_LANGUAGE_STANDARD = gnu17;
				GCC_NO_COMMON_BLOCKS = YES;
				GCC_WARN_64_TO_32_BIT_CONVERSION = YES;
				GCC_WARN_ABOUT_RETURN_TYPE = YES_ERROR;
				GCC_WARN_UNDECLARED_SELECTOR = YES;
				GCC_WARN_UNINITIALIZED_AUTOS = YES_AGGRESSIVE;
				GCC_WARN_UNUSED_FUNCTION = YES;
				GCC_WARN_UNUSED_VARIABLE = YES;
				IPHONEOS_DEPLOYMENT_TARGET = 17.5;
				LOCALIZATION_PREFERS_STRING_CATALOGS = YES;
				MTL_ENABLE_DEBUG_INFO = NO;
				MTL_FAST_MATH = YES;
				SDKROOT = iphoneos;
				SWIFT_COMPILATION_MODE = wholemodule;
				VALIDATE_PRODUCT = YES;
			};
			name = Release;
		};
		8A661B8A2CAC7830007C6B99 /* Debug */ = {
			isa = XCBuildConfiguration;
			buildSettings = {
				ASSETCATALOG_COMPILER_APPICON_NAME = AppIcon;
				ASSETCATALOG_COMPILER_GLOBAL_ACCENT_COLOR_NAME = AccentColor;
				CODE_SIGN_STYLE = Automatic;
				CURRENT_PROJECT_VERSION = 1;
				DEVELOPMENT_TEAM = 9PMGRQTLS2;
				GENERATE_INFOPLIST_FILE = YES;
				INFOPLIST_FILE = Login2/Info.plist;
				INFOPLIST_KEY_UIApplicationSupportsIndirectInputEvents = YES;
				INFOPLIST_KEY_UILaunchStoryboardName = LaunchScreen;
				INFOPLIST_KEY_UIMainStoryboardFile = Main;
				INFOPLIST_KEY_UISupportedInterfaceOrientations_iPad = "UIInterfaceOrientationPortrait UIInterfaceOrientationPortraitUpsideDown UIInterfaceOrientationLandscapeLeft UIInterfaceOrientationLandscapeRight";
				INFOPLIST_KEY_UISupportedInterfaceOrientations_iPhone = "UIInterfaceOrientationPortrait UIInterfaceOrientationLandscapeLeft UIInterfaceOrientationLandscapeRight";
				LD_RUNPATH_SEARCH_PATHS = (
					"$(inherited)",
					"@executable_path/Frameworks",
				);
				MARKETING_VERSION = 1.0;
				PRODUCT_BUNDLE_IDENTIFIER = "Brett-Berry.Login2";
				PRODUCT_NAME = "$(TARGET_NAME)";
				SWIFT_EMIT_LOC_STRINGS = YES;
				SWIFT_VERSION = 5.0;
				TARGETED_DEVICE_FAMILY = "1,2";
			};
			name = Debug;
		};
		8A661B8B2CAC7830007C6B99 /* Release */ = {
			isa = XCBuildConfiguration;
			buildSettings = {
				ASSETCATALOG_COMPILER_APPICON_NAME = AppIcon;
				ASSETCATALOG_COMPILER_GLOBAL_ACCENT_COLOR_NAME = AccentColor;
				CODE_SIGN_STYLE = Automatic;
				CURRENT_PROJECT_VERSION = 1;
				DEVELOPMENT_TEAM = 9PMGRQTLS2;
				GENERATE_INFOPLIST_FILE = YES;
				INFOPLIST_FILE = Login2/Info.plist;
				INFOPLIST_KEY_UIApplicationSupportsIndirectInputEvents = YES;
				INFOPLIST_KEY_UILaunchStoryboardName = LaunchScreen;
				INFOPLIST_KEY_UIMainStoryboardFile = Main;
				INFOPLIST_KEY_UISupportedInterfaceOrientations_iPad = "UIInterfaceOrientationPortrait UIInterfaceOrientationPortraitUpsideDown UIInterfaceOrientationLandscapeLeft UIInterfaceOrientationLandscapeRight";
				INFOPLIST_KEY_UISupportedInterfaceOrientations_iPhone = "UIInterfaceOrientationPortrait UIInterfaceOrientationLandscapeLeft UIInterfaceOrientationLandscapeRight";
				LD_RUNPATH_SEARCH_PATHS = (
					"$(inherited)",
					"@executable_path/Frameworks",
				);
				MARKETING_VERSION = 1.0;
				PRODUCT_BUNDLE_IDENTIFIER = "Brett-Berry.Login2";
				PRODUCT_NAME = "$(TARGET_NAME)";
				SWIFT_EMIT_LOC_STRINGS = YES;
				SWIFT_VERSION = 5.0;
				TARGETED_DEVICE_FAMILY = "1,2";
			};
			name = Release;
		};
		8A661B8D2CAC7830007C6B99 /* Debug */ = {
			isa = XCBuildConfiguration;
			buildSettings = {
				ALWAYS_EMBED_SWIFT_STANDARD_LIBRARIES = YES;
				BUNDLE_LOADER = "$(TEST_HOST)";
				CODE_SIGN_STYLE = Automatic;
				CURRENT_PROJECT_VERSION = 1;
				DEVELOPMENT_TEAM = 9PMGRQTLS2;
				GENERATE_INFOPLIST_FILE = YES;
				IPHONEOS_DEPLOYMENT_TARGET = 17.5;
				MARKETING_VERSION = 1.0;
				PRODUCT_BUNDLE_IDENTIFIER = "Brett-Berry.Login2Tests";
				PRODUCT_NAME = "$(TARGET_NAME)";
				SWIFT_EMIT_LOC_STRINGS = NO;
				SWIFT_VERSION = 5.0;
				TARGETED_DEVICE_FAMILY = "1,2";
				TEST_HOST = "$(BUILT_PRODUCTS_DIR)/Login2.app/$(BUNDLE_EXECUTABLE_FOLDER_PATH)/Login2";
			};
			name = Debug;
		};
		8A661B8E2CAC7830007C6B99 /* Release */ = {
			isa = XCBuildConfiguration;
			buildSettings = {
				ALWAYS_EMBED_SWIFT_STANDARD_LIBRARIES = YES;
				BUNDLE_LOADER = "$(TEST_HOST)";
				CODE_SIGN_STYLE = Automatic;
				CURRENT_PROJECT_VERSION = 1;
				DEVELOPMENT_TEAM = 9PMGRQTLS2;
				GENERATE_INFOPLIST_FILE = YES;
				IPHONEOS_DEPLOYMENT_TARGET = 17.5;
				MARKETING_VERSION = 1.0;
				PRODUCT_BUNDLE_IDENTIFIER = "Brett-Berry.Login2Tests";
				PRODUCT_NAME = "$(TARGET_NAME)";
				SWIFT_EMIT_LOC_STRINGS = NO;
				SWIFT_VERSION = 5.0;
				TARGETED_DEVICE_FAMILY = "1,2";
				TEST_HOST = "$(BUILT_PRODUCTS_DIR)/Login2.app/$(BUNDLE_EXECUTABLE_FOLDER_PATH)/Login2";
			};
			name = Release;
		};
		8A661B902CAC7830007C6B99 /* Debug */ = {
			isa = XCBuildConfiguration;
			buildSettings = {
				ALWAYS_EMBED_SWIFT_STANDARD_LIBRARIES = YES;
				CODE_SIGN_STYLE = Automatic;
				CURRENT_PROJECT_VERSION = 1;
				DEVELOPMENT_TEAM = 9PMGRQTLS2;
				GENERATE_INFOPLIST_FILE = YES;
				MARKETING_VERSION = 1.0;
				PRODUCT_BUNDLE_IDENTIFIER = "Brett-Berry.Login2UITests";
				PRODUCT_NAME = "$(TARGET_NAME)";
				SWIFT_EMIT_LOC_STRINGS = NO;
				SWIFT_VERSION = 5.0;
				TARGETED_DEVICE_FAMILY = "1,2";
				TEST_TARGET_NAME = Login2;
			};
			name = Debug;
		};
		8A661B912CAC7830007C6B99 /* Release */ = {
			isa = XCBuildConfiguration;
			buildSettings = {
				ALWAYS_EMBED_SWIFT_STANDARD_LIBRARIES = YES;
				CODE_SIGN_STYLE = Automatic;
				CURRENT_PROJECT_VERSION = 1;
				DEVELOPMENT_TEAM = 9PMGRQTLS2;
				GENERATE_INFOPLIST_FILE = YES;
				MARKETING_VERSION = 1.0;
				PRODUCT_BUNDLE_IDENTIFIER = "Brett-Berry.Login2UITests";
				PRODUCT_NAME = "$(TARGET_NAME)";
				SWIFT_EMIT_LOC_STRINGS = NO;
				SWIFT_VERSION = 5.0;
				TARGETED_DEVICE_FAMILY = "1,2";
				TEST_TARGET_NAME = Login2;
			};
			name = Release;
		};
/* End XCBuildConfiguration section */

/* Begin XCConfigurationList section */
		8A661B5A2CAC782F007C6B99 /* Build configuration list for PBXProject "Login2" */ = {
			isa = XCConfigurationList;
			buildConfigurations = (
				8A661B872CAC7830007C6B99 /* Debug */,
				8A661B882CAC7830007C6B99 /* Release */,
			);
			defaultConfigurationIsVisible = 0;
			defaultConfigurationName = Release;
		};
		8A661B892CAC7830007C6B99 /* Build configuration list for PBXNativeTarget "Login2" */ = {
			isa = XCConfigurationList;
			buildConfigurations = (
				8A661B8A2CAC7830007C6B99 /* Debug */,
				8A661B8B2CAC7830007C6B99 /* Release */,
			);
			defaultConfigurationIsVisible = 0;
			defaultConfigurationName = Release;
		};
		8A661B8C2CAC7830007C6B99 /* Build configuration list for PBXNativeTarget "Login2Tests" */ = {
			isa = XCConfigurationList;
			buildConfigurations = (
				8A661B8D2CAC7830007C6B99 /* Debug */,
				8A661B8E2CAC7830007C6B99 /* Release */,
			);
			defaultConfigurationIsVisible = 0;
			defaultConfigurationName = Release;
		};
		8A661B8F2CAC7830007C6B99 /* Build configuration list for PBXNativeTarget "Login2UITests" */ = {
			isa = XCConfigurationList;
			buildConfigurations = (
				8A661B902CAC7830007C6B99 /* Debug */,
				8A661B912CAC7830007C6B99 /* Release */,
			);
			defaultConfigurationIsVisible = 0;
			defaultConfigurationName = Release;
		};
/* End XCConfigurationList section */
	};
	rootObject = 8A661B572CAC782F007C6B99 /* Project object */;
}
