// !$*UTF8*$!
{
	archiveVersion = 1;
	classes = {
	};
	objectVersion = 56;
	objects = {

/* Begin PBXBuildFile section */
		8A4865392CAF9CD100D687A6 /* Question.swift in Sources */ = {isa = PBXBuildFile; fileRef = 8A4865382CAF9CD100D687A6 /* Question.swift */; };
		8A48653D2CAFA03D00D687A6 /* QuestionViewController.swift in Sources */ = {isa = PBXBuildFile; fileRef = 8A48653C2CAFA03D00D687A6 /* QuestionViewController.swift */; };
		8A4A3A5A2CAF66FF00C87ACB /* AppDelegate.swift in Sources */ = {isa = PBXBuildFile; fileRef = 8A4A3A592CAF66FF00C87ACB /* AppDelegate.swift */; };
		8A4A3A5C2CAF66FF00C87ACB /* SceneDelegate.swift in Sources */ = {isa = PBXBuildFile; fileRef = 8A4A3A5B2CAF66FF00C87ACB /* SceneDelegate.swift */; };
		8A4A3A5E2CAF66FF00C87ACB /* ViewController.swift in Sources */ = {isa = PBXBuildFile; fileRef = 8A4A3A5D2CAF66FF00C87ACB /* ViewController.swift */; };
		8A4A3A612CAF66FF00C87ACB /* Base in Resources */ = {isa = PBXBuildFile; fileRef = 8A4A3A602CAF66FF00C87ACB /* Base */; };
		8A4A3A632CAF670000C87ACB /* Assets.xcassets in Resources */ = {isa = PBXBuildFile; fileRef = 8A4A3A622CAF670000C87ACB /* Assets.xcassets */; };
		8A4A3A662CAF670000C87ACB /* Base in Resources */ = {isa = PBXBuildFile; fileRef = 8A4A3A652CAF670000C87ACB /* Base */; };
		8A4A3A712CAF670000C87ACB /* PersonalityQuizTests.swift in Sources */ = {isa = PBXBuildFile; fileRef = 8A4A3A702CAF670000C87ACB /* PersonalityQuizTests.swift */; };
		8A4A3A7B2CAF670000C87ACB /* PersonalityQuizUITests.swift in Sources */ = {isa = PBXBuildFile; fileRef = 8A4A3A7A2CAF670000C87ACB /* PersonalityQuizUITests.swift */; };
		8A4A3A7D2CAF670000C87ACB /* PersonalityQuizUITestsLaunchTests.swift in Sources */ = {isa = PBXBuildFile; fileRef = 8A4A3A7C2CAF670000C87ACB /* PersonalityQuizUITestsLaunchTests.swift */; };
		8A6E44152CAF7993008A2A8A /* ResultsViewController.swift in Sources */ = {isa = PBXBuildFile; fileRef = 8A6E44142CAF7993008A2A8A /* ResultsViewController.swift */; };
/* End PBXBuildFile section */

/* Begin PBXContainerItemProxy section */
		8A4A3A6D2CAF670000C87ACB /* PBXContainerItemProxy */ = {
			isa = PBXContainerItemProxy;
			containerPortal = 8A4A3A4E2CAF66FF00C87ACB /* Project object */;
			proxyType = 1;
			remoteGlobalIDString = 8A4A3A552CAF66FF00C87ACB;
			remoteInfo = PersonalityQuiz;
		};
		8A4A3A772CAF670000C87ACB /* PBXContainerItemProxy */ = {
			isa = PBXContainerItemProxy;
			containerPortal = 8A4A3A4E2CAF66FF00C87ACB /* Project object */;
			proxyType = 1;
			remoteGlobalIDString = 8A4A3A552CAF66FF00C87ACB;
			remoteInfo = PersonalityQuiz;
		};
/* End PBXContainerItemProxy section */

/* Begin PBXFileReference section */
		8A4865382CAF9CD100D687A6 /* Question.swift */ = {isa = PBXFileReference; lastKnownFileType = sourcecode.swift; path = Question.swift; sourceTree = "<group>"; };
		8A48653C2CAFA03D00D687A6 /* QuestionViewController.swift */ = {isa = PBXFileReference; lastKnownFileType = sourcecode.swift; path = QuestionViewController.swift; sourceTree = "<group>"; };
		8A4A3A562CAF66FF00C87ACB /* PersonalityQuiz.app */ = {isa = PBXFileReference; explicitFileType = wrapper.application; includeInIndex = 0; path = PersonalityQuiz.app; sourceTree = BUILT_PRODUCTS_DIR; };
		8A4A3A592CAF66FF00C87ACB /* AppDelegate.swift */ = {isa = PBXFileReference; lastKnownFileType = sourcecode.swift; path = AppDelegate.swift; sourceTree = "<group>"; };
		8A4A3A5B2CAF66FF00C87ACB /* SceneDelegate.swift */ = {isa = PBXFileReference; lastKnownFileType = sourcecode.swift; path = SceneDelegate.swift; sourceTree = "<group>"; };
		8A4A3A5D2CAF66FF00C87ACB /* ViewController.swift */ = {isa = PBXFileReference; lastKnownFileType = sourcecode.swift; path = ViewController.swift; sourceTree = "<group>"; };
		8A4A3A602CAF66FF00C87ACB /* Base */ = {isa = PBXFileReference; lastKnownFileType = file.storyboard; name = Base; path = Base.lproj/Main.storyboard; sourceTree = "<group>"; };
		8A4A3A622CAF670000C87ACB /* Assets.xcassets */ = {isa = PBXFileReference; lastKnownFileType = folder.assetcatalog; path = Assets.xcassets; sourceTree = "<group>"; };
		8A4A3A652CAF670000C87ACB /* Base */ = {isa = PBXFileReference; lastKnownFileType = file.storyboard; name = Base; path = Base.lproj/LaunchScreen.storyboard; sourceTree = "<group>"; };
		8A4A3A672CAF670000C87ACB /* Info.plist */ = {isa = PBXFileReference; lastKnownFileType = text.plist.xml; path = Info.plist; sourceTree = "<group>"; };
		8A4A3A6C2CAF670000C87ACB /* PersonalityQuizTests.xctest */ = {isa = PBXFileReference; explicitFileType = wrapper.cfbundle; includeInIndex = 0; path = PersonalityQuizTests.xctest; sourceTree = BUILT_PRODUCTS_DIR; };
		8A4A3A702CAF670000C87ACB /* PersonalityQuizTests.swift */ = {isa = PBXFileReference; lastKnownFileType = sourcecode.swift; path = PersonalityQuizTests.swift; sourceTree = "<group>"; };
		8A4A3A762CAF670000C87ACB /* PersonalityQuizUITests.xctest */ = {isa = PBXFileReference; explicitFileType = wrapper.cfbundle; includeInIndex = 0; path = PersonalityQuizUITests.xctest; sourceTree = BUILT_PRODUCTS_DIR; };
		8A4A3A7A2CAF670000C87ACB /* PersonalityQuizUITests.swift */ = {isa = PBXFileReference; lastKnownFileType = sourcecode.swift; path = PersonalityQuizUITests.swift; sourceTree = "<group>"; };
		8A4A3A7C2CAF670000C87ACB /* PersonalityQuizUITestsLaunchTests.swift */ = {isa = PBXFileReference; lastKnownFileType = sourcecode.swift; path = PersonalityQuizUITestsLaunchTests.swift; sourceTree = "<group>"; };
		8A6E44142CAF7993008A2A8A /* ResultsViewController.swift */ = {isa = PBXFileReference; lastKnownFileType = sourcecode.swift; path = ResultsViewController.swift; sourceTree = "<group>"; };
/* End PBXFileReference section */

/* Begin PBXFrameworksBuildPhase section */
		8A4A3A532CAF66FF00C87ACB /* Frameworks */ = {
			isa = PBXFrameworksBuildPhase;
			buildActionMask = 2147483647;
			files = (
			);
			runOnlyForDeploymentPostprocessing = 0;
		};
		8A4A3A692CAF670000C87ACB /* Frameworks */ = {
			isa = PBXFrameworksBuildPhase;
			buildActionMask = 2147483647;
			files = (
			);
			runOnlyForDeploymentPostprocessing = 0;
		};
		8A4A3A732CAF670000C87ACB /* Frameworks */ = {
			isa = PBXFrameworksBuildPhase;
			buildActionMask = 2147483647;
			files = (
			);
			runOnlyForDeploymentPostprocessing = 0;
		};
/* End PBXFrameworksBuildPhase section */

/* Begin PBXGroup section */
		8A4A3A4D2CAF66FF00C87ACB = {
			isa = PBXGroup;
			children = (
				8A4A3A582CAF66FF00C87ACB /* PersonalityQuiz */,
				8A4A3A6F2CAF670000C87ACB /* PersonalityQuizTests */,
				8A4A3A792CAF670000C87ACB /* PersonalityQuizUITests */,
				8A4A3A572CAF66FF00C87ACB /* Products */,
			);
			sourceTree = "<group>";
		};
		8A4A3A572CAF66FF00C87ACB /* Products */ = {
			isa = PBXGroup;
			children = (
				8A4A3A562CAF66FF00C87ACB /* PersonalityQuiz.app */,
				8A4A3A6C2CAF670000C87ACB /* PersonalityQuizTests.xctest */,
				8A4A3A762CAF670000C87ACB /* PersonalityQuizUITests.xctest */,
			);
			name = Products;
			sourceTree = "<group>";
		};
		8A4A3A582CAF66FF00C87ACB /* PersonalityQuiz */ = {
			isa = PBXGroup;
			children = (
				8A4A3A592CAF66FF00C87ACB /* AppDelegate.swift */,
				8A4A3A5B2CAF66FF00C87ACB /* SceneDelegate.swift */,
				8A4A3A5D2CAF66FF00C87ACB /* ViewController.swift */,
				8A4A3A5F2CAF66FF00C87ACB /* Main.storyboard */,
				8A48653C2CAFA03D00D687A6 /* QuestionViewController.swift */,
				8A4865382CAF9CD100D687A6 /* Question.swift */,
				8A6E44142CAF7993008A2A8A /* ResultsViewController.swift */,
				8A4A3A622CAF670000C87ACB /* Assets.xcassets */,
				8A4A3A642CAF670000C87ACB /* LaunchScreen.storyboard */,
				8A4A3A672CAF670000C87ACB /* Info.plist */,
			);
			path = PersonalityQuiz;
			sourceTree = "<group>";
		};
		8A4A3A6F2CAF670000C87ACB /* PersonalityQuizTests */ = {
			isa = PBXGroup;
			children = (
				8A4A3A702CAF670000C87ACB /* PersonalityQuizTests.swift */,
			);
			path = PersonalityQuizTests;
			sourceTree = "<group>";
		};
		8A4A3A792CAF670000C87ACB /* PersonalityQuizUITests */ = {
			isa = PBXGroup;
			children = (
				8A4A3A7A2CAF670000C87ACB /* PersonalityQuizUITests.swift */,
				8A4A3A7C2CAF670000C87ACB /* PersonalityQuizUITestsLaunchTests.swift */,
			);
			path = PersonalityQuizUITests;
			sourceTree = "<group>";
		};
/* End PBXGroup section */

/* Begin PBXNativeTarget section */
		8A4A3A552CAF66FF00C87ACB /* PersonalityQuiz */ = {
			isa = PBXNativeTarget;
			buildConfigurationList = 8A4A3A802CAF670000C87ACB /* Build configuration list for PBXNativeTarget "PersonalityQuiz" */;
			buildPhases = (
				8A4A3A522CAF66FF00C87ACB /* Sources */,
				8A4A3A532CAF66FF00C87ACB /* Frameworks */,
				8A4A3A542CAF66FF00C87ACB /* Resources */,
			);
			buildRules = (
			);
			dependencies = (
			);
			name = PersonalityQuiz;
			productName = PersonalityQuiz;
			productReference = 8A4A3A562CAF66FF00C87ACB /* PersonalityQuiz.app */;
			productType = "com.apple.product-type.application";
		};
		8A4A3A6B2CAF670000C87ACB /* PersonalityQuizTests */ = {
			isa = PBXNativeTarget;
			buildConfigurationList = 8A4A3A832CAF670000C87ACB /* Build configuration list for PBXNativeTarget "PersonalityQuizTests" */;
			buildPhases = (
				8A4A3A682CAF670000C87ACB /* Sources */,
				8A4A3A692CAF670000C87ACB /* Frameworks */,
				8A4A3A6A2CAF670000C87ACB /* Resources */,
			);
			buildRules = (
			);
			dependencies = (
				8A4A3A6E2CAF670000C87ACB /* PBXTargetDependency */,
			);
			name = PersonalityQuizTests;
			productName = PersonalityQuizTests;
			productReference = 8A4A3A6C2CAF670000C87ACB /* PersonalityQuizTests.xctest */;
			productType = "com.apple.product-type.bundle.unit-test";
		};
		8A4A3A752CAF670000C87ACB /* PersonalityQuizUITests */ = {
			isa = PBXNativeTarget;
			buildConfigurationList = 8A4A3A862CAF670000C87ACB /* Build configuration list for PBXNativeTarget "PersonalityQuizUITests" */;
			buildPhases = (
				8A4A3A722CAF670000C87ACB /* Sources */,
				8A4A3A732CAF670000C87ACB /* Frameworks */,
				8A4A3A742CAF670000C87ACB /* Resources */,
			);
			buildRules = (
			);
			dependencies = (
				8A4A3A782CAF670000C87ACB /* PBXTargetDependency */,
			);
			name = PersonalityQuizUITests;
			productName = PersonalityQuizUITests;
			productReference = 8A4A3A762CAF670000C87ACB /* PersonalityQuizUITests.xctest */;
			productType = "com.apple.product-type.bundle.ui-testing";
		};
/* End PBXNativeTarget section */

/* Begin PBXProject section */
		8A4A3A4E2CAF66FF00C87ACB /* Project object */ = {
			isa = PBXProject;
			attributes = {
				BuildIndependentTargetsInParallel = 1;
				LastSwiftUpdateCheck = 1540;
				LastUpgradeCheck = 1540;
				TargetAttributes = {
					8A4A3A552CAF66FF00C87ACB = {
						CreatedOnToolsVersion = 15.4;
					};
					8A4A3A6B2CAF670000C87ACB = {
						CreatedOnToolsVersion = 15.4;
						TestTargetID = 8A4A3A552CAF66FF00C87ACB;
					};
					8A4A3A752CAF670000C87ACB = {
						CreatedOnToolsVersion = 15.4;
						TestTargetID = 8A4A3A552CAF66FF00C87ACB;
					};
				};
			};
			buildConfigurationList = 8A4A3A512CAF66FF00C87ACB /* Build configuration list for PBXProject "PersonalityQuiz" */;
			compatibilityVersion = "Xcode 14.0";
			developmentRegion = en;
			hasScannedForEncodings = 0;
			knownRegions = (
				en,
				Base,
			);
			mainGroup = 8A4A3A4D2CAF66FF00C87ACB;
			productRefGroup = 8A4A3A572CAF66FF00C87ACB /* Products */;
			projectDirPath = "";
			projectRoot = "";
			targets = (
				8A4A3A552CAF66FF00C87ACB /* PersonalityQuiz */,
				8A4A3A6B2CAF670000C87ACB /* PersonalityQuizTests */,
				8A4A3A752CAF670000C87ACB /* PersonalityQuizUITests */,
			);
		};
/* End PBXProject section */

/* Begin PBXResourcesBuildPhase section */
		8A4A3A542CAF66FF00C87ACB /* Resources */ = {
			isa = PBXResourcesBuildPhase;
			buildActionMask = 2147483647;
			files = (
				8A4A3A632CAF670000C87ACB /* Assets.xcassets in Resources */,
				8A4A3A662CAF670000C87ACB /* Base in Resources */,
				8A4A3A612CAF66FF00C87ACB /* Base in Resources */,
			);
			runOnlyForDeploymentPostprocessing = 0;
		};
		8A4A3A6A2CAF670000C87ACB /* Resources */ = {
			isa = PBXResourcesBuildPhase;
			buildActionMask = 2147483647;
			files = (
			);
			runOnlyForDeploymentPostprocessing = 0;
		};
		8A4A3A742CAF670000C87ACB /* Resources */ = {
			isa = PBXResourcesBuildPhase;
			buildActionMask = 2147483647;
			files = (
			);
			runOnlyForDeploymentPostprocessing = 0;
		};
/* End PBXResourcesBuildPhase section */

/* Begin PBXSourcesBuildPhase section */
		8A4A3A522CAF66FF00C87ACB /* Sources */ = {
			isa = PBXSourcesBuildPhase;
			buildActionMask = 2147483647;
			files = (
				8A4A3A5E2CAF66FF00C87ACB /* ViewController.swift in Sources */,
				8A4A3A5A2CAF66FF00C87ACB /* AppDelegate.swift in Sources */,
				8A48653D2CAFA03D00D687A6 /* QuestionViewController.swift in Sources */,
				8A4865392CAF9CD100D687A6 /* Question.swift in Sources */,
				8A6E44152CAF7993008A2A8A /* ResultsViewController.swift in Sources */,
				8A4A3A5C2CAF66FF00C87ACB /* SceneDelegate.swift in Sources */,
			);
			runOnlyForDeploymentPostprocessing = 0;
		};
		8A4A3A682CAF670000C87ACB /* Sources */ = {
			isa = PBXSourcesBuildPhase;
			buildActionMask = 2147483647;
			files = (
				8A4A3A712CAF670000C87ACB /* PersonalityQuizTests.swift in Sources */,
			);
			runOnlyForDeploymentPostprocessing = 0;
		};
		8A4A3A722CAF670000C87ACB /* Sources */ = {
			isa = PBXSourcesBuildPhase;
			buildActionMask = 2147483647;
			files = (
				8A4A3A7D2CAF670000C87ACB /* PersonalityQuizUITestsLaunchTests.swift in Sources */,
				8A4A3A7B2CAF670000C87ACB /* PersonalityQuizUITests.swift in Sources */,
			);
			runOnlyForDeploymentPostprocessing = 0;
		};
/* End PBXSourcesBuildPhase section */

/* Begin PBXTargetDependency section */
		8A4A3A6E2CAF670000C87ACB /* PBXTargetDependency */ = {
			isa = PBXTargetDependency;
			target = 8A4A3A552CAF66FF00C87ACB /* PersonalityQuiz */;
			targetProxy = 8A4A3A6D2CAF670000C87ACB /* PBXContainerItemProxy */;
		};
		8A4A3A782CAF670000C87ACB /* PBXTargetDependency */ = {
			isa = PBXTargetDependency;
			target = 8A4A3A552CAF66FF00C87ACB /* PersonalityQuiz */;
			targetProxy = 8A4A3A772CAF670000C87ACB /* PBXContainerItemProxy */;
		};
/* End PBXTargetDependency section */

/* Begin PBXVariantGroup section */
		8A4A3A5F2CAF66FF00C87ACB /* Main.storyboard */ = {
			isa = PBXVariantGroup;
			children = (
				8A4A3A602CAF66FF00C87ACB /* Base */,
			);
			name = Main.storyboard;
			sourceTree = "<group>";
		};
		8A4A3A642CAF670000C87ACB /* LaunchScreen.storyboard */ = {
			isa = PBXVariantGroup;
			children = (
				8A4A3A652CAF670000C87ACB /* Base */,
			);
			name = LaunchScreen.storyboard;
			sourceTree = "<group>";
		};
/* End PBXVariantGroup section */

/* Begin XCBuildConfiguration section */
		8A4A3A7E2CAF670000C87ACB /* Debug */ = {
			isa = XCBuildConfiguration;
			buildSettings = {
				ALWAYS_SEARCH_USER_PATHS = NO;
				ASSETCATALOG_COMPILER_GENERATE_SWIFT_ASSET_SYMBOL_EXTENSIONS = YES;
				CLANG_ANALYZER_NONNULL = YES;
				CLANG_ANALYZER_NUMBER_OBJECT_CONVERSION = YES_AGGRESSIVE;
				CLANG_CXX_LANGUAGE_STANDARD = "gnu++20";
				CLANG_ENABLE_MODULES = YES;
				CLANG_ENABLE_OBJC_ARC = YES;
				CLANG_ENABLE_OBJC_WEAK = YES;
				CLANG_WARN_BLOCK_CAPTURE_AUTORELEASING = YES;
				CLANG_WARN_BOOL_CONVERSION = YES;
				CLANG_WARN_COMMA = YES;
				CLANG_WARN_CONSTANT_CONVERSION = YES;
				CLANG_WARN_DEPRECATED_OBJC_IMPLEMENTATIONS = YES;
				CLANG_WARN_DIRECT_OBJC_ISA_USAGE = YES_ERROR;
				CLANG_WARN_DOCUMENTATION_COMMENTS = YES;
				CLANG_WARN_EMPTY_BODY = YES;
				CLANG_WARN_ENUM_CONVERSION = YES;
				CLANG_WARN_INFINITE_RECURSION = YES;
				CLANG_WARN_INT_CONVERSION = YES;
				CLANG_WARN_NON_LITERAL_NULL_CONVERSION = YES;
				CLANG_WARN_OBJC_IMPLICIT_RETAIN_SELF = YES;
				CLANG_WARN_OBJC_LITERAL_CONVERSION = YES;
				CLANG_WARN_OBJC_ROOT_CLASS = YES_ERROR;
				CLANG_WARN_QUOTED_INCLUDE_IN_FRAMEWORK_HEADER = YES;
				CLANG_WARN_RANGE_LOOP_ANALYSIS = YES;
				CLANG_WARN_STRICT_PROTOTYPES = YES;
				CLANG_WARN_SUSPICIOUS_MOVE = YES;
				CLANG_WARN_UNGUARDED_AVAILABILITY = YES_AGGRESSIVE;
				CLANG_WARN_UNREACHABLE_CODE = YES;
				CLANG_WARN__DUPLICATE_METHOD_MATCH = YES;
				COPY_PHASE_STRIP = NO;
				DEBUG_INFORMATION_FORMAT = dwarf;
				ENABLE_STRICT_OBJC_MSGSEND = YES;
				ENABLE_TESTABILITY = YES;
				ENABLE_USER_SCRIPT_SANDBOXING = YES;
				GCC_C_LANGUAGE_STANDARD = gnu17;
				GCC_DYNAMIC_NO_PIC = NO;
				GCC_NO_COMMON_BLOCKS = YES;
				GCC_OPTIMIZATION_LEVEL = 0;
				GCC_PREPROCESSOR_DEFINITIONS = (
					"DEBUG=1",
					"$(inherited)",
				);
				GCC_WARN_64_TO_32_BIT_CONVERSION = YES;
				GCC_WARN_ABOUT_RETURN_TYPE = YES_ERROR;
				GCC_WARN_UNDECLARED_SELECTOR = YES;
				GCC_WARN_UNINITIALIZED_AUTOS = YES_AGGRESSIVE;
				GCC_WARN_UNUSED_FUNCTION = YES;
				GCC_WARN_UNUSED_VARIABLE = YES;
				IPHONEOS_DEPLOYMENT_TARGET = 17.5;
				LOCALIZATION_PREFERS_STRING_CATALOGS = YES;
				MTL_ENABLE_DEBUG_INFO = INCLUDE_SOURCE;
				MTL_FAST_MATH = YES;
				ONLY_ACTIVE_ARCH = YES;
				SDKROOT = iphoneos;
				SWIFT_ACTIVE_COMPILATION_CONDITIONS = "DEBUG $(inherited)";
				SWIFT_OPTIMIZATION_LEVEL = "-Onone";
			};
			name = Debug;
		};
		8A4A3A7F2CAF670000C87ACB /* Release */ = {
			isa = XCBuildConfiguration;
			buildSettings = {
				ALWAYS_SEARCH_USER_PATHS = NO;
				ASSETCATALOG_COMPILER_GENERATE_SWIFT_ASSET_SYMBOL_EXTENSIONS = YES;
				CLANG_ANALYZER_NONNULL = YES;
				CLANG_ANALYZER_NUMBER_OBJECT_CONVERSION = YES_AGGRESSIVE;
				CLANG_CXX_LANGUAGE_STANDARD = "gnu++20";
				CLANG_ENABLE_MODULES = YES;
				CLANG_ENABLE_OBJC_ARC = YES;
				CLANG_ENABLE_OBJC_WEAK = YES;
				CLANG_WARN_BLOCK_CAPTURE_AUTORELEASING = YES;
				CLANG_WARN_BOOL_CONVERSION = YES;
				CLANG_WARN_COMMA = YES;
				CLANG_WARN_CONSTANT_CONVERSION = YES;
				CLANG_WARN_DEPRECATED_OBJC_IMPLEMENTATIONS = YES;
				CLANG_WARN_DIRECT_OBJC_ISA_USAGE = YES_ERROR;
				CLANG_WARN_DOCUMENTATION_COMMENTS = YES;
				CLANG_WARN_EMPTY_BODY = YES;
				CLANG_WARN_ENUM_CONVERSION = YES;
				CLANG_WARN_INFINITE_RECURSION = YES;
				CLANG_WARN_INT_CONVERSION = YES;
				CLANG_WARN_NON_LITERAL_NULL_CONVERSION = YES;
				CLANG_WARN_OBJC_IMPLICIT_RETAIN_SELF = YES;
				CLANG_WARN_OBJC_LITERAL_CONVERSION = YES;
				CLANG_WARN_OBJC_ROOT_CLASS = YES_ERROR;
				CLANG_WARN_QUOTED_INCLUDE_IN_FRAMEWORK_HEADER = YES;
				CLANG_WARN_RANGE_LOOP_ANALYSIS = YES;
				CLANG_WARN_STRICT_PROTOTYPES = YES;
				CLANG_WARN_SUSPICIOUS_MOVE = YES;
				CLANG_WARN_UNGUARDED_AVAILABILITY = YES_AGGRESSIVE;
				CLANG_WARN_UNREACHABLE_CODE = YES;
				CLANG_WARN__DUPLICATE_METHOD_MATCH = YES;
				COPY_PHASE_STRIP = NO;
				DEBUG_INFORMATION_FORMAT = "dwarf-with-dsym";
				ENABLE_NS_ASSERTIONS = NO;
				ENABLE_STRICT_OBJC_MSGSEND = YES;
				ENABLE_USER_SCRIPT_SANDBOXING = YES;
				GCC_C_LANGUAGE_STANDARD = gnu17;
				GCC_NO_COMMON_BLOCKS = YES;
				GCC_WARN_64_TO_32_BIT_CONVERSION = YES;
				GCC_WARN_ABOUT_RETURN_TYPE = YES_ERROR;
				GCC_WARN_UNDECLARED_SELECTOR = YES;
				GCC_WARN_UNINITIALIZED_AUTOS = YES_AGGRESSIVE;
				GCC_WARN_UNUSED_FUNCTION = YES;
				GCC_WARN_UNUSED_VARIABLE = YES;
				IPHONEOS_DEPLOYMENT_TARGET = 17.5;
				LOCALIZATION_PREFERS_STRING_CATALOGS = YES;
				MTL_ENABLE_DEBUG_INFO = NO;
				MTL_FAST_MATH = YES;
				SDKROOT = iphoneos;
				SWIFT_COMPILATION_MODE = wholemodule;
				VALIDATE_PRODUCT = YES;
			};
			name = Release;
		};
		8A4A3A812CAF670000C87ACB /* Debug */ = {
			isa = XCBuildConfiguration;
			buildSettings = {
				ASSETCATALOG_COMPILER_APPICON_NAME = AppIcon;
				ASSETCATALOG_COMPILER_GLOBAL_ACCENT_COLOR_NAME = AccentColor;
				CODE_SIGN_STYLE = Automatic;
				CURRENT_PROJECT_VERSION = 1;
				DEVELOPMENT_TEAM = 9PMGRQTLS2;
				GENERATE_INFOPLIST_FILE = YES;
				INFOPLIST_FILE = PersonalityQuiz/Info.plist;
				INFOPLIST_KEY_UIApplicationSupportsIndirectInputEvents = YES;
				INFOPLIST_KEY_UILaunchStoryboardName = LaunchScreen;
				INFOPLIST_KEY_UIMainStoryboardFile = Main;
				INFOPLIST_KEY_UISupportedInterfaceOrientations_iPad = "UIInterfaceOrientationPortrait UIInterfaceOrientationPortraitUpsideDown UIInterfaceOrientationLandscapeLeft UIInterfaceOrientationLandscapeRight";
				INFOPLIST_KEY_UISupportedInterfaceOrientations_iPhone = "UIInterfaceOrientationPortrait UIInterfaceOrientationLandscapeLeft UIInterfaceOrientationLandscapeRight";
				LD_RUNPATH_SEARCH_PATHS = (
					"$(inherited)",
					"@executable_path/Frameworks",
				);
				MARKETING_VERSION = 1.0;
				PRODUCT_BUNDLE_IDENTIFIER = "Brett-Berry.PersonalityQuiz";
				PRODUCT_NAME = "$(TARGET_NAME)";
				SWIFT_EMIT_LOC_STRINGS = YES;
				SWIFT_VERSION = 5.0;
				TARGETED_DEVICE_FAMILY = "1,2";
			};
			name = Debug;
		};
		8A4A3A822CAF670000C87ACB /* Release */ = {
			isa = XCBuildConfiguration;
			buildSettings = {
				ASSETCATALOG_COMPILER_APPICON_NAME = AppIcon;
				ASSETCATALOG_COMPILER_GLOBAL_ACCENT_COLOR_NAME = AccentColor;
				CODE_SIGN_STYLE = Automatic;
				CURRENT_PROJECT_VERSION = 1;
				DEVELOPMENT_TEAM = 9PMGRQTLS2;
				GENERATE_INFOPLIST_FILE = YES;
				INFOPLIST_FILE = PersonalityQuiz/Info.plist;
				INFOPLIST_KEY_UIApplicationSupportsIndirectInputEvents = YES;
				INFOPLIST_KEY_UILaunchStoryboardName = LaunchScreen;
				INFOPLIST_KEY_UIMainStoryboardFile = Main;
				INFOPLIST_KEY_UISupportedInterfaceOrientations_iPad = "UIInterfaceOrientationPortrait UIInterfaceOrientationPortraitUpsideDown UIInterfaceOrientationLandscapeLeft UIInterfaceOrientationLandscapeRight";
				INFOPLIST_KEY_UISupportedInterfaceOrientations_iPhone = "UIInterfaceOrientationPortrait UIInterfaceOrientationLandscapeLeft UIInterfaceOrientationLandscapeRight";
				LD_RUNPATH_SEARCH_PATHS = (
					"$(inherited)",
					"@executable_path/Frameworks",
				);
				MARKETING_VERSION = 1.0;
				PRODUCT_BUNDLE_IDENTIFIER = "Brett-Berry.PersonalityQuiz";
				PRODUCT_NAME = "$(TARGET_NAME)";
				SWIFT_EMIT_LOC_STRINGS = YES;
				SWIFT_VERSION = 5.0;
				TARGETED_DEVICE_FAMILY = "1,2";
			};
			name = Release;
		};
		8A4A3A842CAF670000C87ACB /* Debug */ = {
			isa = XCBuildConfiguration;
			buildSettings = {
				ALWAYS_EMBED_SWIFT_STANDARD_LIBRARIES = YES;
				BUNDLE_LOADER = "$(TEST_HOST)";
				CODE_SIGN_STYLE = Automatic;
				CURRENT_PROJECT_VERSION = 1;
				DEVELOPMENT_TEAM = 9PMGRQTLS2;
				GENERATE_INFOPLIST_FILE = YES;
				IPHONEOS_DEPLOYMENT_TARGET = 17.5;
				MARKETING_VERSION = 1.0;
				PRODUCT_BUNDLE_IDENTIFIER = "Brett-Berry.PersonalityQuizTests";
				PRODUCT_NAME = "$(TARGET_NAME)";
				SWIFT_EMIT_LOC_STRINGS = NO;
				SWIFT_VERSION = 5.0;
				TARGETED_DEVICE_FAMILY = "1,2";
				TEST_HOST = "$(BUILT_PRODUCTS_DIR)/PersonalityQuiz.app/$(BUNDLE_EXECUTABLE_FOLDER_PATH)/PersonalityQuiz";
			};
			name = Debug;
		};
		8A4A3A852CAF670000C87ACB /* Release */ = {
			isa = XCBuildConfiguration;
			buildSettings = {
				ALWAYS_EMBED_SWIFT_STANDARD_LIBRARIES = YES;
				BUNDLE_LOADER = "$(TEST_HOST)";
				CODE_SIGN_STYLE = Automatic;
				CURRENT_PROJECT_VERSION = 1;
				DEVELOPMENT_TEAM = 9PMGRQTLS2;
				GENERATE_INFOPLIST_FILE = YES;
				IPHONEOS_DEPLOYMENT_TARGET = 17.5;
				MARKETING_VERSION = 1.0;
				PRODUCT_BUNDLE_IDENTIFIER = "Brett-Berry.PersonalityQuizTests";
				PRODUCT_NAME = "$(TARGET_NAME)";
				SWIFT_EMIT_LOC_STRINGS = NO;
				SWIFT_VERSION = 5.0;
				TARGETED_DEVICE_FAMILY = "1,2";
				TEST_HOST = "$(BUILT_PRODUCTS_DIR)/PersonalityQuiz.app/$(BUNDLE_EXECUTABLE_FOLDER_PATH)/PersonalityQuiz";
			};
			name = Release;
		};
		8A4A3A872CAF670000C87ACB /* Debug */ = {
			isa = XCBuildConfiguration;
			buildSettings = {
				ALWAYS_EMBED_SWIFT_STANDARD_LIBRARIES = YES;
				CODE_SIGN_STYLE = Automatic;
				CURRENT_PROJECT_VERSION = 1;
				DEVELOPMENT_TEAM = 9PMGRQTLS2;
				GENERATE_INFOPLIST_FILE = YES;
				MARKETING_VERSION = 1.0;
				PRODUCT_BUNDLE_IDENTIFIER = "Brett-Berry.PersonalityQuizUITests";
				PRODUCT_NAME = "$(TARGET_NAME)";
				SWIFT_EMIT_LOC_STRINGS = NO;
				SWIFT_VERSION = 5.0;
				TARGETED_DEVICE_FAMILY = "1,2";
				TEST_TARGET_NAME = PersonalityQuiz;
			};
			name = Debug;
		};
		8A4A3A882CAF670000C87ACB /* Release */ = {
			isa = XCBuildConfiguration;
			buildSettings = {
				ALWAYS_EMBED_SWIFT_STANDARD_LIBRARIES = YES;
				CODE_SIGN_STYLE = Automatic;
				CURRENT_PROJECT_VERSION = 1;
				DEVELOPMENT_TEAM = 9PMGRQTLS2;
				GENERATE_INFOPLIST_FILE = YES;
				MARKETING_VERSION = 1.0;
				PRODUCT_BUNDLE_IDENTIFIER = "Brett-Berry.PersonalityQuizUITests";
				PRODUCT_NAME = "$(TARGET_NAME)";
				SWIFT_EMIT_LOC_STRINGS = NO;
				SWIFT_VERSION = 5.0;
				TARGETED_DEVICE_FAMILY = "1,2";
				TEST_TARGET_NAME = PersonalityQuiz;
			};
			name = Release;
		};
/* End XCBuildConfiguration section */

/* Begin XCConfigurationList section */
		8A4A3A512CAF66FF00C87ACB /* Build configuration list for PBXProject "PersonalityQuiz" */ = {
			isa = XCConfigurationList;
			buildConfigurations = (
				8A4A3A7E2CAF670000C87ACB /* Debug */,
				8A4A3A7F2CAF670000C87ACB /* Release */,
			);
			defaultConfigurationIsVisible = 0;
			defaultConfigurationName = Release;
		};
		8A4A3A802CAF670000C87ACB /* Build configuration list for PBXNativeTarget "PersonalityQuiz" */ = {
			isa = XCConfigurationList;
			buildConfigurations = (
				8A4A3A812CAF670000C87ACB /* Debug */,
				8A4A3A822CAF670000C87ACB /* Release */,
			);
			defaultConfigurationIsVisible = 0;
			defaultConfigurationName = Release;
		};
		8A4A3A832CAF670000C87ACB /* Build configuration list for PBXNativeTarget "PersonalityQuizTests" */ = {
			isa = XCConfigurationList;
			buildConfigurations = (
				8A4A3A842CAF670000C87ACB /* Debug */,
				8A4A3A852CAF670000C87ACB /* Release */,
			);
			defaultConfigurationIsVisible = 0;
			defaultConfigurationName = Release;
		};
		8A4A3A862CAF670000C87ACB /* Build configuration list for PBXNativeTarget "PersonalityQuizUITests" */ = {
			isa = XCConfigurationList;
			buildConfigurations = (
				8A4A3A872CAF670000C87ACB /* Debug */,
				8A4A3A882CAF670000C87ACB /* Release */,
			);
			defaultConfigurationIsVisible = 0;
			defaultConfigurationName = Release;
		};
/* End XCConfigurationList section */
	};
	rootObject = 8A4A3A4E2CAF66FF00C87ACB /* Project object */;
}
