// !$*UTF8*$!
{
	archiveVersion = 1;
	classes = {
	};
	objectVersion = 56;
	objects = {

/* Begin PBXBuildFile section */
		E21EF2082CAF829900FE118A /* AppDelegate.swift in Sources */ = {isa = PBXBuildFile; fileRef = E21EF2072CAF829900FE118A /* AppDelegate.swift */; };
		E21EF20A2CAF829900FE118A /* SceneDelegate.swift in Sources */ = {isa = PBXBuildFile; fileRef = E21EF2092CAF829900FE118A /* SceneDelegate.swift */; };
		E21EF20C2CAF829900FE118A /* ViewController.swift in Sources */ = {isa = PBXBuildFile; fileRef = E21EF20B2CAF829900FE118A /* ViewController.swift */; };
		E21EF20F2CAF829900FE118A /* Base in Resources */ = {isa = PBXBuildFile; fileRef = E21EF20E2CAF829900FE118A /* Base */; };
		E21EF2112CAF829A00FE118A /* Assets.xcassets in Resources */ = {isa = PBXBuildFile; fileRef = E21EF2102CAF829A00FE118A /* Assets.xcassets */; };
		E21EF2142CAF829A00FE118A /* Base in Resources */ = {isa = PBXBuildFile; fileRef = E21EF2132CAF829A00FE118A /* Base */; };
		E21EF21F2CAF829A00FE118A /* PersonalityQuizTests.swift in Sources */ = {isa = PBXBuildFile; fileRef = E21EF21E2CAF829A00FE118A /* PersonalityQuizTests.swift */; };
		E21EF2292CAF829A00FE118A /* PersonalityQuizUITests.swift in Sources */ = {isa = PBXBuildFile; fileRef = E21EF2282CAF829A00FE118A /* PersonalityQuizUITests.swift */; };
		E21EF22B2CAF829A00FE118A /* PersonalityQuizUITestsLaunchTests.swift in Sources */ = {isa = PBXBuildFile; fileRef = E21EF22A2CAF829A00FE118A /* PersonalityQuizUITestsLaunchTests.swift */; };
		E21EF2382CAF8FC100FE118A /* QuestionViewController.swift in Sources */ = {isa = PBXBuildFile; fileRef = E21EF2372CAF8FC100FE118A /* QuestionViewController.swift */; };
		E21EF23A2CAF8FDE00FE118A /* ResultsViewController.swift in Sources */ = {isa = PBXBuildFile; fileRef = E21EF2392CAF8FDE00FE118A /* ResultsViewController.swift */; };
		E21EF23C2CAF901100FE118A /* IntroductionViewController.swift in Sources */ = {isa = PBXBuildFile; fileRef = E21EF23B2CAF901100FE118A /* IntroductionViewController.swift */; };
		E21EF23E2CAF916C00FE118A /* Question.swift in Sources */ = {isa = PBXBuildFile; fileRef = E21EF23D2CAF916C00FE118A /* Question.swift */; };
/* End PBXBuildFile section */

/* Begin PBXContainerItemProxy section */
		E21EF21B2CAF829A00FE118A /* PBXContainerItemProxy */ = {
			isa = PBXContainerItemProxy;
			containerPortal = E21EF1FC2CAF829900FE118A /* Project object */;
			proxyType = 1;
			remoteGlobalIDString = E21EF2032CAF829900FE118A;
			remoteInfo = PersonalityQuiz;
		};
		E21EF2252CAF829A00FE118A /* PBXContainerItemProxy */ = {
			isa = PBXContainerItemProxy;
			containerPortal = E21EF1FC2CAF829900FE118A /* Project object */;
			proxyType = 1;
			remoteGlobalIDString = E21EF2032CAF829900FE118A;
			remoteInfo = PersonalityQuiz;
		};
/* End PBXContainerItemProxy section */

/* Begin PBXFileReference section */
		E21EF2042CAF829900FE118A /* PersonalityQuiz.app */ = {isa = PBXFileReference; explicitFileType = wrapper.application; includeInIndex = 0; path = PersonalityQuiz.app; sourceTree = BUILT_PRODUCTS_DIR; };
		E21EF2072CAF829900FE118A /* AppDelegate.swift */ = {isa = PBXFileReference; lastKnownFileType = sourcecode.swift; path = AppDelegate.swift; sourceTree = "<group>"; };
		E21EF2092CAF829900FE118A /* SceneDelegate.swift */ = {isa = PBXFileReference; lastKnownFileType = sourcecode.swift; path = SceneDelegate.swift; sourceTree = "<group>"; };
		E21EF20B2CAF829900FE118A /* ViewController.swift */ = {isa = PBXFileReference; lastKnownFileType = sourcecode.swift; path = ViewController.swift; sourceTree = "<group>"; };
		E21EF20E2CAF829900FE118A /* Base */ = {isa = PBXFileReference; lastKnownFileType = file.storyboard; name = Base; path = Base.lproj/Main.storyboard; sourceTree = "<group>"; };
		E21EF2102CAF829A00FE118A /* Assets.xcassets */ = {isa = PBXFileReference; lastKnownFileType = folder.assetcatalog; path = Assets.xcassets; sourceTree = "<group>"; };
		E21EF2132CAF829A00FE118A /* Base */ = {isa = PBXFileReference; lastKnownFileType = file.storyboard; name = Base; path = Base.lproj/LaunchScreen.storyboard; sourceTree = "<group>"; };
		E21EF2152CAF829A00FE118A /* Info.plist */ = {isa = PBXFileReference; lastKnownFileType = text.plist.xml; path = Info.plist; sourceTree = "<group>"; };
		E21EF21A2CAF829A00FE118A /* PersonalityQuizTests.xctest */ = {isa = PBXFileReference; explicitFileType = wrapper.cfbundle; includeInIndex = 0; path = PersonalityQuizTests.xctest; sourceTree = BUILT_PRODUCTS_DIR; };
		E21EF21E2CAF829A00FE118A /* PersonalityQuizTests.swift */ = {isa = PBXFileReference; lastKnownFileType = sourcecode.swift; path = PersonalityQuizTests.swift; sourceTree = "<group>"; };
		E21EF2242CAF829A00FE118A /* PersonalityQuizUITests.xctest */ = {isa = PBXFileReference; explicitFileType = wrapper.cfbundle; includeInIndex = 0; path = PersonalityQuizUITests.xctest; sourceTree = BUILT_PRODUCTS_DIR; };
		E21EF2282CAF829A00FE118A /* PersonalityQuizUITests.swift */ = {isa = PBXFileReference; lastKnownFileType = sourcecode.swift; path = PersonalityQuizUITests.swift; sourceTree = "<group>"; };
		E21EF22A2CAF829A00FE118A /* PersonalityQuizUITestsLaunchTests.swift */ = {isa = PBXFileReference; lastKnownFileType = sourcecode.swift; path = PersonalityQuizUITestsLaunchTests.swift; sourceTree = "<group>"; };
		E21EF2372CAF8FC100FE118A /* QuestionViewController.swift */ = {isa = PBXFileReference; lastKnownFileType = sourcecode.swift; path = QuestionViewController.swift; sourceTree = "<group>"; };
		E21EF2392CAF8FDE00FE118A /* ResultsViewController.swift */ = {isa = PBXFileReference; lastKnownFileType = sourcecode.swift; path = ResultsViewController.swift; sourceTree = "<group>"; };
		E21EF23B2CAF901100FE118A /* IntroductionViewController.swift */ = {isa = PBXFileReference; lastKnownFileType = sourcecode.swift; path = IntroductionViewController.swift; sourceTree = "<group>"; };
		E21EF23D2CAF916C00FE118A /* Question.swift */ = {isa = PBXFileReference; lastKnownFileType = sourcecode.swift; path = Question.swift; sourceTree = "<group>"; };
/* End PBXFileReference section */

/* Begin PBXFrameworksBuildPhase section */
		E21EF2012CAF829900FE118A /* Frameworks */ = {
			isa = PBXFrameworksBuildPhase;
			buildActionMask = 2147483647;
			files = (
			);
			runOnlyForDeploymentPostprocessing = 0;
		};
		E21EF2172CAF829A00FE118A /* Frameworks */ = {
			isa = PBXFrameworksBuildPhase;
			buildActionMask = 2147483647;
			files = (
			);
			runOnlyForDeploymentPostprocessing = 0;
		};
		E21EF2212CAF829A00FE118A /* Frameworks */ = {
			isa = PBXFrameworksBuildPhase;
			buildActionMask = 2147483647;
			files = (
			);
			runOnlyForDeploymentPostprocessing = 0;
		};
/* End PBXFrameworksBuildPhase section */

/* Begin PBXGroup section */
		E21EF1FB2CAF829900FE118A = {
			isa = PBXGroup;
			children = (
				E21EF23D2CAF916C00FE118A /* Question.swift */,
				E21EF23B2CAF901100FE118A /* IntroductionViewController.swift */,
				E21EF2392CAF8FDE00FE118A /* ResultsViewController.swift */,
				E21EF2372CAF8FC100FE118A /* QuestionViewController.swift */,
				E21EF2062CAF829900FE118A /* PersonalityQuiz */,
				E21EF21D2CAF829A00FE118A /* PersonalityQuizTests */,
				E21EF2272CAF829A00FE118A /* PersonalityQuizUITests */,
				E21EF2052CAF829900FE118A /* Products */,
			);
			sourceTree = "<group>";
		};
		E21EF2052CAF829900FE118A /* Products */ = {
			isa = PBXGroup;
			children = (
				E21EF2042CAF829900FE118A /* PersonalityQuiz.app */,
				E21EF21A2CAF829A00FE118A /* PersonalityQuizTests.xctest */,
				E21EF2242CAF829A00FE118A /* PersonalityQuizUITests.xctest */,
			);
			name = Products;
			sourceTree = "<group>";
		};
		E21EF2062CAF829900FE118A /* PersonalityQuiz */ = {
			isa = PBXGroup;
			children = (
				E21EF2072CAF829900FE118A /* AppDelegate.swift */,
				E21EF2092CAF829900FE118A /* SceneDelegate.swift */,
				E21EF20B2CAF829900FE118A /* ViewController.swift */,
				E21EF20D2CAF829900FE118A /* Main.storyboard */,
				E21EF2102CAF829A00FE118A /* Assets.xcassets */,
				E21EF2122CAF829A00FE118A /* LaunchScreen.storyboard */,
				E21EF2152CAF829A00FE118A /* Info.plist */,
			);
			path = PersonalityQuiz;
			sourceTree = "<group>";
		};
		E21EF21D2CAF829A00FE118A /* PersonalityQuizTests */ = {
			isa = PBXGroup;
			children = (
				E21EF21E2CAF829A00FE118A /* PersonalityQuizTests.swift */,
			);
			path = PersonalityQuizTests;
			sourceTree = "<group>";
		};
		E21EF2272CAF829A00FE118A /* PersonalityQuizUITests */ = {
			isa = PBXGroup;
			children = (
				E21EF2282CAF829A00FE118A /* PersonalityQuizUITests.swift */,
				E21EF22A2CAF829A00FE118A /* PersonalityQuizUITestsLaunchTests.swift */,
			);
			path = PersonalityQuizUITests;
			sourceTree = "<group>";
		};
/* End PBXGroup section */

/* Begin PBXNativeTarget section */
		E21EF2032CAF829900FE118A /* PersonalityQuiz */ = {
			isa = PBXNativeTarget;
			buildConfigurationList = E21EF22E2CAF829A00FE118A /* Build configuration list for PBXNativeTarget "PersonalityQuiz" */;
			buildPhases = (
				E21EF2002CAF829900FE118A /* Sources */,
				E21EF2012CAF829900FE118A /* Frameworks */,
				E21EF2022CAF829900FE118A /* Resources */,
			);
			buildRules = (
			);
			dependencies = (
			);
			name = PersonalityQuiz;
			productName = PersonalityQuiz;
			productReference = E21EF2042CAF829900FE118A /* PersonalityQuiz.app */;
			productType = "com.apple.product-type.application";
		};
		E21EF2192CAF829A00FE118A /* PersonalityQuizTests */ = {
			isa = PBXNativeTarget;
			buildConfigurationList = E21EF2312CAF829A00FE118A /* Build configuration list for PBXNativeTarget "PersonalityQuizTests" */;
			buildPhases = (
				E21EF2162CAF829A00FE118A /* Sources */,
				E21EF2172CAF829A00FE118A /* Frameworks */,
				E21EF2182CAF829A00FE118A /* Resources */,
			);
			buildRules = (
			);
			dependencies = (
				E21EF21C2CAF829A00FE118A /* PBXTargetDependency */,
			);
			name = PersonalityQuizTests;
			productName = PersonalityQuizTests;
			productReference = E21EF21A2CAF829A00FE118A /* PersonalityQuizTests.xctest */;
			productType = "com.apple.product-type.bundle.unit-test";
		};
		E21EF2232CAF829A00FE118A /* PersonalityQuizUITests */ = {
			isa = PBXNativeTarget;
			buildConfigurationList = E21EF2342CAF829A00FE118A /* Build configuration list for PBXNativeTarget "PersonalityQuizUITests" */;
			buildPhases = (
				E21EF2202CAF829A00FE118A /* Sources */,
				E21EF2212CAF829A00FE118A /* Frameworks */,
				E21EF2222CAF829A00FE118A /* Resources */,
			);
			buildRules = (
			);
			dependencies = (
				E21EF2262CAF829A00FE118A /* PBXTargetDependency */,
			);
			name = PersonalityQuizUITests;
			productName = PersonalityQuizUITests;
			productReference = E21EF2242CAF829A00FE118A /* PersonalityQuizUITests.xctest */;
			productType = "com.apple.product-type.bundle.ui-testing";
		};
/* End PBXNativeTarget section */

/* Begin PBXProject section */
		E21EF1FC2CAF829900FE118A /* Project object */ = {
			isa = PBXProject;
			attributes = {
				BuildIndependentTargetsInParallel = 1;
				LastSwiftUpdateCheck = 1540;
				LastUpgradeCheck = 1540;
				TargetAttributes = {
					E21EF2032CAF829900FE118A = {
						CreatedOnToolsVersion = 15.4;
					};
					E21EF2192CAF829A00FE118A = {
						CreatedOnToolsVersion = 15.4;
						TestTargetID = E21EF2032CAF829900FE118A;
					};
					E21EF2232CAF829A00FE118A = {
						CreatedOnToolsVersion = 15.4;
						TestTargetID = E21EF2032CAF829900FE118A;
					};
				};
			};
			buildConfigurationList = E21EF1FF2CAF829900FE118A /* Build configuration list for PBXProject "PersonalityQuiz" */;
			compatibilityVersion = "Xcode 14.0";
			developmentRegion = en;
			hasScannedForEncodings = 0;
			knownRegions = (
				en,
				Base,
			);
			mainGroup = E21EF1FB2CAF829900FE118A;
			productRefGroup = E21EF2052CAF829900FE118A /* Products */;
			projectDirPath = "";
			projectRoot = "";
			targets = (
				E21EF2032CAF829900FE118A /* PersonalityQuiz */,
				E21EF2192CAF829A00FE118A /* PersonalityQuizTests */,
				E21EF2232CAF829A00FE118A /* PersonalityQuizUITests */,
			);
		};
/* End PBXProject section */

/* Begin PBXResourcesBuildPhase section */
		E21EF2022CAF829900FE118A /* Resources */ = {
			isa = PBXResourcesBuildPhase;
			buildActionMask = 2147483647;
			files = (
				E21EF2112CAF829A00FE118A /* Assets.xcassets in Resources */,
				E21EF2142CAF829A00FE118A /* Base in Resources */,
				E21EF20F2CAF829900FE118A /* Base in Resources */,
			);
			runOnlyForDeploymentPostprocessing = 0;
		};
		E21EF2182CAF829A00FE118A /* Resources */ = {
			isa = PBXResourcesBuildPhase;
			buildActionMask = 2147483647;
			files = (
			);
			runOnlyForDeploymentPostprocessing = 0;
		};
		E21EF2222CAF829A00FE118A /* Resources */ = {
			isa = PBXResourcesBuildPhase;
			buildActionMask = 2147483647;
			files = (
			);
			runOnlyForDeploymentPostprocessing = 0;
		};
/* End PBXResourcesBuildPhase section */

/* Begin PBXSourcesBuildPhase section */
		E21EF2002CAF829900FE118A /* Sources */ = {
			isa = PBXSourcesBuildPhase;
			buildActionMask = 2147483647;
			files = (
				E21EF20C2CAF829900FE118A /* ViewController.swift in Sources */,
				E21EF2082CAF829900FE118A /* AppDelegate.swift in Sources */,
				E21EF2382CAF8FC100FE118A /* QuestionViewController.swift in Sources */,
				E21EF23A2CAF8FDE00FE118A /* ResultsViewController.swift in Sources */,
				E21EF23C2CAF901100FE118A /* IntroductionViewController.swift in Sources */,
				E21EF23E2CAF916C00FE118A /* Question.swift in Sources */,
				E21EF20A2CAF829900FE118A /* SceneDelegate.swift in Sources */,
			);
			runOnlyForDeploymentPostprocessing = 0;
		};
		E21EF2162CAF829A00FE118A /* Sources */ = {
			isa = PBXSourcesBuildPhase;
			buildActionMask = 2147483647;
			files = (
				E21EF21F2CAF829A00FE118A /* PersonalityQuizTests.swift in Sources */,
			);
			runOnlyForDeploymentPostprocessing = 0;
		};
		E21EF2202CAF829A00FE118A /* Sources */ = {
			isa = PBXSourcesBuildPhase;
			buildActionMask = 2147483647;
			files = (
				E21EF22B2CAF829A00FE118A /* PersonalityQuizUITestsLaunchTests.swift in Sources */,
				E21EF2292CAF829A00FE118A /* PersonalityQuizUITests.swift in Sources */,
			);
			runOnlyForDeploymentPostprocessing = 0;
		};
/* End PBXSourcesBuildPhase section */

/* Begin PBXTargetDependency section */
		E21EF21C2CAF829A00FE118A /* PBXTargetDependency */ = {
			isa = PBXTargetDependency;
			target = E21EF2032CAF829900FE118A /* PersonalityQuiz */;
			targetProxy = E21EF21B2CAF829A00FE118A /* PBXContainerItemProxy */;
		};
		E21EF2262CAF829A00FE118A /* PBXTargetDependency */ = {
			isa = PBXTargetDependency;
			target = E21EF2032CAF829900FE118A /* PersonalityQuiz */;
			targetProxy = E21EF2252CAF829A00FE118A /* PBXContainerItemProxy */;
		};
/* End PBXTargetDependency section */

/* Begin PBXVariantGroup section */
		E21EF20D2CAF829900FE118A /* Main.storyboard */ = {
			isa = PBXVariantGroup;
			children = (
				E21EF20E2CAF829900FE118A /* Base */,
			);
			name = Main.storyboard;
			sourceTree = "<group>";
		};
		E21EF2122CAF829A00FE118A /* LaunchScreen.storyboard */ = {
			isa = PBXVariantGroup;
			children = (
				E21EF2132CAF829A00FE118A /* Base */,
			);
			name = LaunchScreen.storyboard;
			sourceTree = "<group>";
		};
/* End PBXVariantGroup section */

/* Begin XCBuildConfiguration section */
		E21EF22C2CAF829A00FE118A /* Debug */ = {
			isa = XCBuildConfiguration;
			buildSettings = {
				ALWAYS_SEARCH_USER_PATHS = NO;
				ASSETCATALOG_COMPILER_GENERATE_SWIFT_ASSET_SYMBOL_EXTENSIONS = YES;
				CLANG_ANALYZER_NONNULL = YES;
				CLANG_ANALYZER_NUMBER_OBJECT_CONVERSION = YES_AGGRESSIVE;
				CLANG_CXX_LANGUAGE_STANDARD = "gnu++20";
				CLANG_ENABLE_MODULES = YES;
				CLANG_ENABLE_OBJC_ARC = YES;
				CLANG_ENABLE_OBJC_WEAK = YES;
				CLANG_WARN_BLOCK_CAPTURE_AUTORELEASING = YES;
				CLANG_WARN_BOOL_CONVERSION = YES;
				CLANG_WARN_COMMA = YES;
				CLANG_WARN_CONSTANT_CONVERSION = YES;
				CLANG_WARN_DEPRECATED_OBJC_IMPLEMENTATIONS = YES;
				CLANG_WARN_DIRECT_OBJC_ISA_USAGE = YES_ERROR;
				CLANG_WARN_DOCUMENTATION_COMMENTS = YES;
				CLANG_WARN_EMPTY_BODY = YES;
				CLANG_WARN_ENUM_CONVERSION = YES;
				CLANG_WARN_INFINITE_RECURSION = YES;
				CLANG_WARN_INT_CONVERSION = YES;
				CLANG_WARN_NON_LITERAL_NULL_CONVERSION = YES;
				CLANG_WARN_OBJC_IMPLICIT_RETAIN_SELF = YES;
				CLANG_WARN_OBJC_LITERAL_CONVERSION = YES;
				CLANG_WARN_OBJC_ROOT_CLASS = YES_ERROR;
				CLANG_WARN_QUOTED_INCLUDE_IN_FRAMEWORK_HEADER = YES;
				CLANG_WARN_RANGE_LOOP_ANALYSIS = YES;
				CLANG_WARN_STRICT_PROTOTYPES = YES;
				CLANG_WARN_SUSPICIOUS_MOVE = YES;
				CLANG_WARN_UNGUARDED_AVAILABILITY = YES_AGGRESSIVE;
				CLANG_WARN_UNREACHABLE_CODE = YES;
				CLANG_WARN__DUPLICATE_METHOD_MATCH = YES;
				COPY_PHASE_STRIP = NO;
				DEBUG_INFORMATION_FORMAT = dwarf;
				ENABLE_STRICT_OBJC_MSGSEND = YES;
				ENABLE_TESTABILITY = YES;
				ENABLE_USER_SCRIPT_SANDBOXING = YES;
				GCC_C_LANGUAGE_STANDARD = gnu17;
				GCC_DYNAMIC_NO_PIC = NO;
				GCC_NO_COMMON_BLOCKS = YES;
				GCC_OPTIMIZATION_LEVEL = 0;
				GCC_PREPROCESSOR_DEFINITIONS = (
					"DEBUG=1",
					"$(inherited)",
				);
				GCC_WARN_64_TO_32_BIT_CONVERSION = YES;
				GCC_WARN_ABOUT_RETURN_TYPE = YES_ERROR;
				GCC_WARN_UNDECLARED_SELECTOR = YES;
				GCC_WARN_UNINITIALIZED_AUTOS = YES_AGGRESSIVE;
				GCC_WARN_UNUSED_FUNCTION = YES;
				GCC_WARN_UNUSED_VARIABLE = YES;
				IPHONEOS_DEPLOYMENT_TARGET = 17.5;
				LOCALIZATION_PREFERS_STRING_CATALOGS = YES;
				MTL_ENABLE_DEBUG_INFO = INCLUDE_SOURCE;
				MTL_FAST_MATH = YES;
				ONLY_ACTIVE_ARCH = YES;
				SDKROOT = iphoneos;
				SWIFT_ACTIVE_COMPILATION_CONDITIONS = "DEBUG $(inherited)";
				SWIFT_OPTIMIZATION_LEVEL = "-Onone";
			};
			name = Debug;
		};
		E21EF22D2CAF829A00FE118A /* Release */ = {
			isa = XCBuildConfiguration;
			buildSettings = {
				ALWAYS_SEARCH_USER_PATHS = NO;
				ASSETCATALOG_COMPILER_GENERATE_SWIFT_ASSET_SYMBOL_EXTENSIONS = YES;
				CLANG_ANALYZER_NONNULL = YES;
				CLANG_ANALYZER_NUMBER_OBJECT_CONVERSION = YES_AGGRESSIVE;
				CLANG_CXX_LANGUAGE_STANDARD = "gnu++20";
				CLANG_ENABLE_MODULES = YES;
				CLANG_ENABLE_OBJC_ARC = YES;
				CLANG_ENABLE_OBJC_WEAK = YES;
				CLANG_WARN_BLOCK_CAPTURE_AUTORELEASING = YES;
				CLANG_WARN_BOOL_CONVERSION = YES;
				CLANG_WARN_COMMA = YES;
				CLANG_WARN_CONSTANT_CONVERSION = YES;
				CLANG_WARN_DEPRECATED_OBJC_IMPLEMENTATIONS = YES;
				CLANG_WARN_DIRECT_OBJC_ISA_USAGE = YES_ERROR;
				CLANG_WARN_DOCUMENTATION_COMMENTS = YES;
				CLANG_WARN_EMPTY_BODY = YES;
				CLANG_WARN_ENUM_CONVERSION = YES;
				CLANG_WARN_INFINITE_RECURSION = YES;
				CLANG_WARN_INT_CONVERSION = YES;
				CLANG_WARN_NON_LITERAL_NULL_CONVERSION = YES;
				CLANG_WARN_OBJC_IMPLICIT_RETAIN_SELF = YES;
				CLANG_WARN_OBJC_LITERAL_CONVERSION = YES;
				CLANG_WARN_OBJC_ROOT_CLASS = YES_ERROR;
				CLANG_WARN_QUOTED_INCLUDE_IN_FRAMEWORK_HEADER = YES;
				CLANG_WARN_RANGE_LOOP_ANALYSIS = YES;
				CLANG_WARN_STRICT_PROTOTYPES = YES;
				CLANG_WARN_SUSPICIOUS_MOVE = YES;
				CLANG_WARN_UNGUARDED_AVAILABILITY = YES_AGGRESSIVE;
				CLANG_WARN_UNREACHABLE_CODE = YES;
				CLANG_WARN__DUPLICATE_METHOD_MATCH = YES;
				COPY_PHASE_STRIP = NO;
				DEBUG_INFORMATION_FORMAT = "dwarf-with-dsym";
				ENABLE_NS_ASSERTIONS = NO;
				ENABLE_STRICT_OBJC_MSGSEND = YES;
				ENABLE_USER_SCRIPT_SANDBOXING = YES;
				GCC_C_LANGUAGE_STANDARD = gnu17;
				GCC_NO_COMMON_BLOCKS = YES;
				GCC_WARN_64_TO_32_BIT_CONVERSION = YES;
				GCC_WARN_ABOUT_RETURN_TYPE = YES_ERROR;
				GCC_WARN_UNDECLARED_SELECTOR = YES;
				GCC_WARN_UNINITIALIZED_AUTOS = YES_AGGRESSIVE;
				GCC_WARN_UNUSED_FUNCTION = YES;
				GCC_WARN_UNUSED_VARIABLE = YES;
				IPHONEOS_DEPLOYMENT_TARGET = 17.5;
				LOCALIZATION_PREFERS_STRING_CATALOGS = YES;
				MTL_ENABLE_DEBUG_INFO = NO;
				MTL_FAST_MATH = YES;
				SDKROOT = iphoneos;
				SWIFT_COMPILATION_MODE = wholemodule;
				VALIDATE_PRODUCT = YES;
			};
			name = Release;
		};
		E21EF22F2CAF829A00FE118A /* Debug */ = {
			isa = XCBuildConfiguration;
			buildSettings = {
				ASSETCATALOG_COMPILER_APPICON_NAME = AppIcon;
				ASSETCATALOG_COMPILER_GLOBAL_ACCENT_COLOR_NAME = AccentColor;
				CODE_SIGN_STYLE = Automatic;
				CURRENT_PROJECT_VERSION = 1;
				DEVELOPMENT_TEAM = 9PMGRQTLS2;
				GENERATE_INFOPLIST_FILE = YES;
				INFOPLIST_FILE = PersonalityQuiz/Info.plist;
				INFOPLIST_KEY_UIApplicationSupportsIndirectInputEvents = YES;
				INFOPLIST_KEY_UILaunchStoryboardName = LaunchScreen;
				INFOPLIST_KEY_UIMainStoryboardFile = Main;
				INFOPLIST_KEY_UISupportedInterfaceOrientations_iPad = "UIInterfaceOrientationPortrait UIInterfaceOrientationPortraitUpsideDown UIInterfaceOrientationLandscapeLeft UIInterfaceOrientationLandscapeRight";
				INFOPLIST_KEY_UISupportedInterfaceOrientations_iPhone = "UIInterfaceOrientationPortrait UIInterfaceOrientationLandscapeLeft UIInterfaceOrientationLandscapeRight";
				LD_RUNPATH_SEARCH_PATHS = (
					"$(inherited)",
					"@executable_path/Frameworks",
				);
				MARKETING_VERSION = 1.0;
				PRODUCT_BUNDLE_IDENTIFIER = "DIGI-2003.PersonalityQuiz";
				PRODUCT_NAME = "$(TARGET_NAME)";
				SWIFT_EMIT_LOC_STRINGS = YES;
				SWIFT_VERSION = 5.0;
				TARGETED_DEVICE_FAMILY = "1,2";
			};
			name = Debug;
		};
		E21EF2302CAF829A00FE118A /* Release */ = {
			isa = XCBuildConfiguration;
			buildSettings = {
				ASSETCATALOG_COMPILER_APPICON_NAME = AppIcon;
				ASSETCATALOG_COMPILER_GLOBAL_ACCENT_COLOR_NAME = AccentColor;
				CODE_SIGN_STYLE = Automatic;
				CURRENT_PROJECT_VERSION = 1;
				DEVELOPMENT_TEAM = 9PMGRQTLS2;
				GENERATE_INFOPLIST_FILE = YES;
				INFOPLIST_FILE = PersonalityQuiz/Info.plist;
				INFOPLIST_KEY_UIApplicationSupportsIndirectInputEvents = YES;
				INFOPLIST_KEY_UILaunchStoryboardName = LaunchScreen;
				INFOPLIST_KEY_UIMainStoryboardFile = Main;
				INFOPLIST_KEY_UISupportedInterfaceOrientations_iPad = "UIInterfaceOrientationPortrait UIInterfaceOrientationPortraitUpsideDown UIInterfaceOrientationLandscapeLeft UIInterfaceOrientationLandscapeRight";
				INFOPLIST_KEY_UISupportedInterfaceOrientations_iPhone = "UIInterfaceOrientationPortrait UIInterfaceOrientationLandscapeLeft UIInterfaceOrientationLandscapeRight";
				LD_RUNPATH_SEARCH_PATHS = (
					"$(inherited)",
					"@executable_path/Frameworks",
				);
				MARKETING_VERSION = 1.0;
				PRODUCT_BUNDLE_IDENTIFIER = "DIGI-2003.PersonalityQuiz";
				PRODUCT_NAME = "$(TARGET_NAME)";
				SWIFT_EMIT_LOC_STRINGS = YES;
				SWIFT_VERSION = 5.0;
				TARGETED_DEVICE_FAMILY = "1,2";
			};
			name = Release;
		};
		E21EF2322CAF829A00FE118A /* Debug */ = {
			isa = XCBuildConfiguration;
			buildSettings = {
				ALWAYS_EMBED_SWIFT_STANDARD_LIBRARIES = YES;
				BUNDLE_LOADER = "$(TEST_HOST)";
				CODE_SIGN_STYLE = Automatic;
				CURRENT_PROJECT_VERSION = 1;
				GENERATE_INFOPLIST_FILE = YES;
				IPHONEOS_DEPLOYMENT_TARGET = 17.5;
				MARKETING_VERSION = 1.0;
				PRODUCT_BUNDLE_IDENTIFIER = "DIGI-2003.PersonalityQuizTests";
				PRODUCT_NAME = "$(TARGET_NAME)";
				SWIFT_EMIT_LOC_STRINGS = NO;
				SWIFT_VERSION = 5.0;
				TARGETED_DEVICE_FAMILY = "1,2";
				TEST_HOST = "$(BUILT_PRODUCTS_DIR)/PersonalityQuiz.app/$(BUNDLE_EXECUTABLE_FOLDER_PATH)/PersonalityQuiz";
			};
			name = Debug;
		};
		E21EF2332CAF829A00FE118A /* Release */ = {
			isa = XCBuildConfiguration;
			buildSettings = {
				ALWAYS_EMBED_SWIFT_STANDARD_LIBRARIES = YES;
				BUNDLE_LOADER = "$(TEST_HOST)";
				CODE_SIGN_STYLE = Automatic;
				CURRENT_PROJECT_VERSION = 1;
				GENERATE_INFOPLIST_FILE = YES;
				IPHONEOS_DEPLOYMENT_TARGET = 17.5;
				MARKETING_VERSION = 1.0;
				PRODUCT_BUNDLE_IDENTIFIER = "DIGI-2003.PersonalityQuizTests";
				PRODUCT_NAME = "$(TARGET_NAME)";
				SWIFT_EMIT_LOC_STRINGS = NO;
				SWIFT_VERSION = 5.0;
				TARGETED_DEVICE_FAMILY = "1,2";
				TEST_HOST = "$(BUILT_PRODUCTS_DIR)/PersonalityQuiz.app/$(BUNDLE_EXECUTABLE_FOLDER_PATH)/PersonalityQuiz";
			};
			name = Release;
		};
		E21EF2352CAF829A00FE118A /* Debug */ = {
			isa = XCBuildConfiguration;
			buildSettings = {
				ALWAYS_EMBED_SWIFT_STANDARD_LIBRARIES = YES;
				CODE_SIGN_STYLE = Automatic;
				CURRENT_PROJECT_VERSION = 1;
				GENERATE_INFOPLIST_FILE = YES;
				MARKETING_VERSION = 1.0;
				PRODUCT_BUNDLE_IDENTIFIER = "DIGI-2003.PersonalityQuizUITests";
				PRODUCT_NAME = "$(TARGET_NAME)";
				SWIFT_EMIT_LOC_STRINGS = NO;
				SWIFT_VERSION = 5.0;
				TARGETED_DEVICE_FAMILY = "1,2";
				TEST_TARGET_NAME = PersonalityQuiz;
			};
			name = Debug;
		};
		E21EF2362CAF829A00FE118A /* Release */ = {
			isa = XCBuildConfiguration;
			buildSettings = {
				ALWAYS_EMBED_SWIFT_STANDARD_LIBRARIES = YES;
				CODE_SIGN_STYLE = Automatic;
				CURRENT_PROJECT_VERSION = 1;
				GENERATE_INFOPLIST_FILE = YES;
				MARKETING_VERSION = 1.0;
				PRODUCT_BUNDLE_IDENTIFIER = "DIGI-2003.PersonalityQuizUITests";
				PRODUCT_NAME = "$(TARGET_NAME)";
				SWIFT_EMIT_LOC_STRINGS = NO;
				SWIFT_VERSION = 5.0;
				TARGETED_DEVICE_FAMILY = "1,2";
				TEST_TARGET_NAME = PersonalityQuiz;
			};
			name = Release;
		};
/* End XCBuildConfiguration section */

/* Begin XCConfigurationList section */
		E21EF1FF2CAF829900FE118A /* Build configuration list for PBXProject "PersonalityQuiz" */ = {
			isa = XCConfigurationList;
			buildConfigurations = (
				E21EF22C2CAF829A00FE118A /* Debug */,
				E21EF22D2CAF829A00FE118A /* Release */,
			);
			defaultConfigurationIsVisible = 0;
			defaultConfigurationName = Release;
		};
		E21EF22E2CAF829A00FE118A /* Build configuration list for PBXNativeTarget "PersonalityQuiz" */ = {
			isa = XCConfigurationList;
			buildConfigurations = (
				E21EF22F2CAF829A00FE118A /* Debug */,
				E21EF2302CAF829A00FE118A /* Release */,
			);
			defaultConfigurationIsVisible = 0;
			defaultConfigurationName = Release;
		};
		E21EF2312CAF829A00FE118A /* Build configuration list for PBXNativeTarget "PersonalityQuizTests" */ = {
			isa = XCConfigurationList;
			buildConfigurations = (
				E21EF2322CAF829A00FE118A /* Debug */,
				E21EF2332CAF829A00FE118A /* Release */,
			);
			defaultConfigurationIsVisible = 0;
			defaultConfigurationName = Release;
		};
		E21EF2342CAF829A00FE118A /* Build configuration list for PBXNativeTarget "PersonalityQuizUITests" */ = {
			isa = XCConfigurationList;
			buildConfigurations = (
				E21EF2352CAF829A00FE118A /* Debug */,
				E21EF2362CAF829A00FE118A /* Release */,
			);
			defaultConfigurationIsVisible = 0;
			defaultConfigurationName = Release;
		};
/* End XCConfigurationList section */
	};
	rootObject = E21EF1FC2CAF829900FE118A /* Project object */;
}
